// !$*UTF8*$!
{
	archiveVersion = 1;
	classes = {
	};
	objectVersion = 46;
	objects = {

/* Begin PBXBuildFile section */
		159062A3ADBE88F9C4AC91D7 /* Pods_KYHandMade.framework in Frameworks */ = {isa = PBXBuildFile; fileRef = C164B324D2D51207744875E1 /* Pods_KYHandMade.framework */; };
		543085EF1EEE6F590093E766 /* KYAdViewController.swift in Sources */ = {isa = PBXBuildFile; fileRef = 543085BE1EEE6F590093E766 /* KYAdViewController.swift */; };
		543085F01EEE6F590093E766 /* KYAdViewController.xib in Resources */ = {isa = PBXBuildFile; fileRef = 543085BF1EEE6F590093E766 /* KYAdViewController.xib */; };
		543085F11EEE6F590093E766 /* KYFairTableViewController.swift in Sources */ = {isa = PBXBuildFile; fileRef = 543085C41EEE6F590093E766 /* KYFairTableViewController.swift */; };
		543085F21EEE6F590093E766 /* KYHandTableViewController.swift in Sources */ = {isa = PBXBuildFile; fileRef = 543085C91EEE6F590093E766 /* KYHandTableViewController.swift */; };
		543085F31EEE6F590093E766 /* KYHomController.swift in Sources */ = {isa = PBXBuildFile; fileRef = 543085CE1EEE6F590093E766 /* KYHomController.swift */; };
		543085F41EEE6F590093E766 /* KYNavgationController.swift in Sources */ = {isa = PBXBuildFile; fileRef = 543085D31EEE6F590093E766 /* KYNavgationController.swift */; };
		543085F51EEE6F590093E766 /* KYTabBarController.swift in Sources */ = {isa = PBXBuildFile; fileRef = 543085D41EEE6F590093E766 /* KYTabBarController.swift */; };
		543085F61EEE6F590093E766 /* KYMyTableViewController.swift in Sources */ = {isa = PBXBuildFile; fileRef = 543085D91EEE6F590093E766 /* KYMyTableViewController.swift */; };
		543085F71EEE6F590093E766 /* KYNewFeatureController.swift in Sources */ = {isa = PBXBuildFile; fileRef = 543085DE1EEE6F590093E766 /* KYNewFeatureController.swift */; };
		543085F81EEE6F590093E766 /* KYNewFeatureCell.swift in Sources */ = {isa = PBXBuildFile; fileRef = 543085E11EEE6F590093E766 /* KYNewFeatureCell.swift */; };
		543085F91EEE6F590093E766 /* KYNewFeatureCell.xib in Resources */ = {isa = PBXBuildFile; fileRef = 543085E21EEE6F590093E766 /* KYNewFeatureCell.xib */; };
		543085FA1EEE6F590093E766 /* AppDelegate.swift in Sources */ = {isa = PBXBuildFile; fileRef = 543085E41EEE6F590093E766 /* AppDelegate.swift */; };
		543085FB1EEE6F590093E766 /* KYCommonTool.swift in Sources */ = {isa = PBXBuildFile; fileRef = 543085E91EEE6F590093E766 /* KYCommonTool.swift */; };
		543085FC1EEE6F590093E766 /* KYTutorialTableViewController.swift in Sources */ = {isa = PBXBuildFile; fileRef = 543085EC1EEE6F590093E766 /* KYTutorialTableViewController.swift */; };
		545EA4F21EEFC4D0004C5CB3 /* KYPageStyle.swift in Sources */ = {isa = PBXBuildFile; fileRef = 545EA4EF1EEFC4D0004C5CB3 /* KYPageStyle.swift */; };
		545EA4F31EEFC4D0004C5CB3 /* KYPageView.swift in Sources */ = {isa = PBXBuildFile; fileRef = 545EA4F01EEFC4D0004C5CB3 /* KYPageView.swift */; };
		545EA5011EEFD6BA004C5CB3 /* KYNetWorkTool.swift in Sources */ = {isa = PBXBuildFile; fileRef = 545EA5001EEFD6BA004C5CB3 /* KYNetWorkTool.swift */; };
		545EA5031EEFDD3A004C5CB3 /* KYCommon.swift in Sources */ = {isa = PBXBuildFile; fileRef = 545EA5021EEFDD3A004C5CB3 /* KYCommon.swift */; };
		545EA5051EEFDF2B004C5CB3 /* KYProgressHUD.swift in Sources */ = {isa = PBXBuildFile; fileRef = 545EA5041EEFDF2B004C5CB3 /* KYProgressHUD.swift */; };
		545EA5071EEFE630004C5CB3 /* KYConfig.swift in Sources */ = {isa = PBXBuildFile; fileRef = 545EA5061EEFE630004C5CB3 /* KYConfig.swift */; };
		545EA50A1EEFEBF9004C5CB3 /* KYFeaturedModel.swift in Sources */ = {isa = PBXBuildFile; fileRef = 545EA5091EEFEBF9004C5CB3 /* KYFeaturedModel.swift */; };
		545EA50C1EEFEFD7004C5CB3 /* KYSlideModel.swift in Sources */ = {isa = PBXBuildFile; fileRef = 545EA50B1EEFEFD7004C5CB3 /* KYSlideModel.swift */; };
		545EA50E1EEFEFF2004C5CB3 /* KYHotModel.swift in Sources */ = {isa = PBXBuildFile; fileRef = 545EA50D1EEFEFF2004C5CB3 /* KYHotModel.swift */; };
		545EA5101EEFF007004C5CB3 /* KYNavigationModel.swift in Sources */ = {isa = PBXBuildFile; fileRef = 545EA50F1EEFF007004C5CB3 /* KYNavigationModel.swift */; };
		545EA5121EEFF016004C5CB3 /* KYAdvanceModel.swift in Sources */ = {isa = PBXBuildFile; fileRef = 545EA5111EEFF016004C5CB3 /* KYAdvanceModel.swift */; };
		5470E2271EF0F5E700282FA0 /* KYWebViewController.swift in Sources */ = {isa = PBXBuildFile; fileRef = 5470E2261EF0F5E700282FA0 /* KYWebViewController.swift */; };
		5470E2291EF0F60800282FA0 /* KYSlideEventController.swift in Sources */ = {isa = PBXBuildFile; fileRef = 5470E2281EF0F60800282FA0 /* KYSlideEventController.swift */; };
		5470E22B1EF0F62500282FA0 /* KYSlideLessonController.swift in Sources */ = {isa = PBXBuildFile; fileRef = 5470E22A1EF0F62500282FA0 /* KYSlideLessonController.swift */; };
		5470E22F1EF0F75300282FA0 /* KYPageRouter.swift in Sources */ = {isa = PBXBuildFile; fileRef = 5470E22E1EF0F75300282FA0 /* KYPageRouter.swift */; };
		5470E2311EF10E4C00282FA0 /* KYLessonData.swift in Sources */ = {isa = PBXBuildFile; fileRef = 5470E2301EF10E4C00282FA0 /* KYLessonData.swift */; };
		547E16831EE94D7B0020E0A7 /* Assets.xcassets in Resources */ = {isa = PBXBuildFile; fileRef = 547E16821EE94D7B0020E0A7 /* Assets.xcassets */; };
		547E26111EF8B9A0003F4DB8 /* KYNavTitleView.swift in Sources */ = {isa = PBXBuildFile; fileRef = 547E26101EF8B9A0003F4DB8 /* KYNavTitleView.swift */; };
		547E26131EF8F2EE003F4DB8 /* KYTutorialPicController.swift in Sources */ = {isa = PBXBuildFile; fileRef = 547E26121EF8F2EE003F4DB8 /* KYTutorialPicController.swift */; };
		547E26151EF8F385003F4DB8 /* KYTutoriaVideoController.swift in Sources */ = {isa = PBXBuildFile; fileRef = 547E26141EF8F385003F4DB8 /* KYTutoriaVideoController.swift */; };
		547E26171EF8F41E003F4DB8 /* KYTutoriSubController.swift in Sources */ = {isa = PBXBuildFile; fileRef = 547E26161EF8F41E003F4DB8 /* KYTutoriSubController.swift */; };
		547E26191EF8F4EA003F4DB8 /* KYContainerView.swift in Sources */ = {isa = PBXBuildFile; fileRef = 547E26181EF8F4EA003F4DB8 /* KYContainerView.swift */; };
		547E261C1EF90316003F4DB8 /* KYTutorialPicCell.swift in Sources */ = {isa = PBXBuildFile; fileRef = 547E261A1EF90316003F4DB8 /* KYTutorialPicCell.swift */; };
		547E261D1EF90316003F4DB8 /* KYTutorialPicCell.xib in Resources */ = {isa = PBXBuildFile; fileRef = 547E261B1EF90316003F4DB8 /* KYTutorialPicCell.xib */; };
		547E261F1EF9119D003F4DB8 /* KYTutoriaPicModel.swift in Sources */ = {isa = PBXBuildFile; fileRef = 547E261E1EF9119D003F4DB8 /* KYTutoriaPicModel.swift */; };
		547E26601EF92133003F4DB8 /* UINavigationController+XWTransition.m in Sources */ = {isa = PBXBuildFile; fileRef = 547E26231EF92133003F4DB8 /* UINavigationController+XWTransition.m */; };
		547E26611EF92133003F4DB8 /* UIViewController+XWTransition.m in Sources */ = {isa = PBXBuildFile; fileRef = 547E26251EF92133003F4DB8 /* UIViewController+XWTransition.m */; };
		547E26621EF92133003F4DB8 /* XWInteractiveTransition.m in Sources */ = {isa = PBXBuildFile; fileRef = 547E26281EF92133003F4DB8 /* XWInteractiveTransition.m */; };
		547E26631EF92133003F4DB8 /* XWTransitionAnimator.m in Sources */ = {isa = PBXBuildFile; fileRef = 547E262A1EF92133003F4DB8 /* XWTransitionAnimator.m */; };
		547E26641EF92133003F4DB8 /* line.png in Resources */ = {isa = PBXBuildFile; fileRef = 547E262C1EF92133003F4DB8 /* line.png */; };
		547E26651EF92133003F4DB8 /* mask.jpg in Resources */ = {isa = PBXBuildFile; fileRef = 547E262D1EF92133003F4DB8 /* mask.jpg */; };
		547E26661EF92133003F4DB8 /* restrictedshine.tiff in Resources */ = {isa = PBXBuildFile; fileRef = 547E262E1EF92133003F4DB8 /* restrictedshine.tiff */; };
		547E26671EF92133003F4DB8 /* XWCircleSpreadAnimator.m in Sources */ = {isa = PBXBuildFile; fileRef = 547E26311EF92133003F4DB8 /* XWCircleSpreadAnimator.m */; };
		547E26681EF92133003F4DB8 /* XWCoolAnimator+XWExplode.m in Sources */ = {isa = PBXBuildFile; fileRef = 547E26341EF92133003F4DB8 /* XWCoolAnimator+XWExplode.m */; };
		547E26691EF92133003F4DB8 /* XWCoolAnimator+XWFold.m in Sources */ = {isa = PBXBuildFile; fileRef = 547E26361EF92133003F4DB8 /* XWCoolAnimator+XWFold.m */; };
		547E266A1EF92133003F4DB8 /* XWCoolAnimator+XWLines.m in Sources */ = {isa = PBXBuildFile; fileRef = 547E26381EF92133003F4DB8 /* XWCoolAnimator+XWLines.m */; };
		547E266B1EF92133003F4DB8 /* XWCoolAnimator+XWMiddlePageFlip.m in Sources */ = {isa = PBXBuildFile; fileRef = 547E263A1EF92133003F4DB8 /* XWCoolAnimator+XWMiddlePageFlip.m */; };
		547E266C1EF92133003F4DB8 /* XWCoolAnimator+XWPageFlip.m in Sources */ = {isa = PBXBuildFile; fileRef = 547E263C1EF92133003F4DB8 /* XWCoolAnimator+XWPageFlip.m */; };
		547E266D1EF92133003F4DB8 /* XWCoolAnimator+XWPortal.m in Sources */ = {isa = PBXBuildFile; fileRef = 547E263E1EF92133003F4DB8 /* XWCoolAnimator+XWPortal.m */; };
		547E266E1EF92133003F4DB8 /* XWCoolAnimator+XWScanning.m in Sources */ = {isa = PBXBuildFile; fileRef = 547E26401EF92133003F4DB8 /* XWCoolAnimator+XWScanning.m */; };
		547E266F1EF92133003F4DB8 /* XWCoolAnimator.m in Sources */ = {isa = PBXBuildFile; fileRef = 547E26421EF92133003F4DB8 /* XWCoolAnimator.m */; };
		547E26701EF92133003F4DB8 /* XWDrawerAnimator.m in Sources */ = {isa = PBXBuildFile; fileRef = 547E26451EF92133003F4DB8 /* XWDrawerAnimator.m */; };
		547E26711EF92133003F4DB8 /* XWFilterAnimator+XWBarSwipe.m in Sources */ = {isa = PBXBuildFile; fileRef = 547E26481EF92133003F4DB8 /* XWFilterAnimator+XWBarSwipe.m */; };
		547E26721EF92133003F4DB8 /* XWFilterAnimator+XWBoxBlur.m in Sources */ = {isa = PBXBuildFile; fileRef = 547E264A1EF92133003F4DB8 /* XWFilterAnimator+XWBoxBlur.m */; };
		547E26731EF92133003F4DB8 /* XWFilterAnimator+XWCopyMachine.m in Sources */ = {isa = PBXBuildFile; fileRef = 547E264C1EF92133003F4DB8 /* XWFilterAnimator+XWCopyMachine.m */; };
		547E26741EF92133003F4DB8 /* XWFilterAnimator+XWFlash.m in Sources */ = {isa = PBXBuildFile; fileRef = 547E264E1EF92133003F4DB8 /* XWFilterAnimator+XWFlash.m */; };
		547E26751EF92133003F4DB8 /* XWFilterAnimator+XWMask.m in Sources */ = {isa = PBXBuildFile; fileRef = 547E26501EF92133003F4DB8 /* XWFilterAnimator+XWMask.m */; };
		547E26761EF92133003F4DB8 /* XWFilterAnimator+XWMod.m in Sources */ = {isa = PBXBuildFile; fileRef = 547E26521EF92133003F4DB8 /* XWFilterAnimator+XWMod.m */; };
		547E26771EF92133003F4DB8 /* XWFilterAnimator+XWPageCurl.m in Sources */ = {isa = PBXBuildFile; fileRef = 547E26541EF92133003F4DB8 /* XWFilterAnimator+XWPageCurl.m */; };
		547E26781EF92133003F4DB8 /* XWFilterAnimator+XWRipple.m in Sources */ = {isa = PBXBuildFile; fileRef = 547E26561EF92133003F4DB8 /* XWFilterAnimator+XWRipple.m */; };
		547E26791EF92133003F4DB8 /* XWFilterAnimator+XWSwipe.m in Sources */ = {isa = PBXBuildFile; fileRef = 547E26581EF92133003F4DB8 /* XWFilterAnimator+XWSwipe.m */; };
		547E267A1EF92133003F4DB8 /* XWFilterAnimator.m in Sources */ = {isa = PBXBuildFile; fileRef = 547E265A1EF92133003F4DB8 /* XWFilterAnimator.m */; };
		547E267B1EF92133003F4DB8 /* XWFilterTransitionView.m in Sources */ = {isa = PBXBuildFile; fileRef = 547E265C1EF92133003F4DB8 /* XWFilterTransitionView.m */; };
		547E267C1EF92133003F4DB8 /* XWMagicMoveAnimator.m in Sources */ = {isa = PBXBuildFile; fileRef = 547E265F1EF92133003F4DB8 /* XWMagicMoveAnimator.m */; };
		547EF9CA1EF7643D0036753F /* KYDaRenModel.swift in Sources */ = {isa = PBXBuildFile; fileRef = 547EF9C91EF7643D0036753F /* KYDaRenModel.swift */; };
		547EF9D01EF77CA60036753F /* KYDaRenPicController.swift in Sources */ = {isa = PBXBuildFile; fileRef = 547EF9CF1EF77CA60036753F /* KYDaRenPicController.swift */; };
		547EF9D61EF798260036753F /* KYEventModel.swift in Sources */ = {isa = PBXBuildFile; fileRef = 547EF9D51EF798260036753F /* KYEventModel.swift */; };
		547EF9E21EF7AF0E0036753F /* KYSlideShopModel.swift in Sources */ = {isa = PBXBuildFile; fileRef = 547EF9E11EF7AF0E0036753F /* KYSlideShopModel.swift */; };
		547EF9F91EF7B9B00036753F /* KYAdvanceView.swift in Sources */ = {isa = PBXBuildFile; fileRef = 547EF9E41EF7B9B00036753F /* KYAdvanceView.swift */; };
		547EF9FA1EF7B9B00036753F /* KYAdvanceView.xib in Resources */ = {isa = PBXBuildFile; fileRef = 547EF9E51EF7B9B00036753F /* KYAdvanceView.xib */; };
		547EF9FB1EF7B9B00036753F /* KYDaRenView.swift in Sources */ = {isa = PBXBuildFile; fileRef = 547EF9E61EF7B9B00036753F /* KYDaRenView.swift */; };
		547EF9FC1EF7B9B00036753F /* KYEventNewView.swift in Sources */ = {isa = PBXBuildFile; fileRef = 547EF9E71EF7B9B00036753F /* KYEventNewView.swift */; };
		547EF9FD1EF7B9B00036753F /* KYEventView.swift in Sources */ = {isa = PBXBuildFile; fileRef = 547EF9E81EF7B9B00036753F /* KYEventView.swift */; };
		547EF9FE1EF7B9B00036753F /* KYFeaturedView.swift in Sources */ = {isa = PBXBuildFile; fileRef = 547EF9E91EF7B9B00036753F /* KYFeaturedView.swift */; };
		547EF9FF1EF7B9B00036753F /* KYFocusView.swift in Sources */ = {isa = PBXBuildFile; fileRef = 547EF9EA1EF7B9B00036753F /* KYFocusView.swift */; };
		547EFA001EF7B9B00036753F /* KYNavigationView.swift in Sources */ = {isa = PBXBuildFile; fileRef = 547EF9EB1EF7B9B00036753F /* KYNavigationView.swift */; };
		547EFA011EF7B9B00036753F /* KYNavigationView.xib in Resources */ = {isa = PBXBuildFile; fileRef = 547EF9EC1EF7B9B00036753F /* KYNavigationView.xib */; };
		547EFA021EF7B9B00036753F /* KYWebView.swift in Sources */ = {isa = PBXBuildFile; fileRef = 547EF9ED1EF7B9B00036753F /* KYWebView.swift */; };
		547EFA031EF7B9B00036753F /* KYDarenCell.swift in Sources */ = {isa = PBXBuildFile; fileRef = 547EF9EF1EF7B9B00036753F /* KYDarenCell.swift */; };
		547EFA041EF7B9B00036753F /* KYDarenCell.xib in Resources */ = {isa = PBXBuildFile; fileRef = 547EF9F01EF7B9B00036753F /* KYDarenCell.xib */; };
		547EFA051EF7B9B00036753F /* KYEventCell.swift in Sources */ = {isa = PBXBuildFile; fileRef = 547EF9F11EF7B9B00036753F /* KYEventCell.swift */; };
		547EFA061EF7B9B00036753F /* KYEventCell.xib in Resources */ = {isa = PBXBuildFile; fileRef = 547EF9F21EF7B9B00036753F /* KYEventCell.xib */; };
		547EFA071EF7B9B00036753F /* KYFeaturedCell.swift in Sources */ = {isa = PBXBuildFile; fileRef = 547EF9F31EF7B9B00036753F /* KYFeaturedCell.swift */; };
		547EFA081EF7B9B00036753F /* KYFeaturedCell.xib in Resources */ = {isa = PBXBuildFile; fileRef = 547EF9F41EF7B9B00036753F /* KYFeaturedCell.xib */; };
		547EFA091EF7B9B00036753F /* KYFocusCell.swift in Sources */ = {isa = PBXBuildFile; fileRef = 547EF9F51EF7B9B00036753F /* KYFocusCell.swift */; };
		547EFA0A1EF7B9B00036753F /* KYFocusCell.xib in Resources */ = {isa = PBXBuildFile; fileRef = 547EF9F61EF7B9B00036753F /* KYFocusCell.xib */; };
		547EFA0B1EF7B9B00036753F /* KYSlideCollectionViewCell.swift in Sources */ = {isa = PBXBuildFile; fileRef = 547EF9F71EF7B9B00036753F /* KYSlideCollectionViewCell.swift */; };
		547EFA0C1EF7B9B00036753F /* KYSlideCollectionViewCell.xib in Resources */ = {isa = PBXBuildFile; fileRef = 547EF9F81EF7B9B00036753F /* KYSlideCollectionViewCell.xib */; };
		549BCD8C1EF3B6CB0097E916 /* KYPageCollectionViewCell.swift in Sources */ = {isa = PBXBuildFile; fileRef = 549BCD8B1EF3B6CB0097E916 /* KYPageCollectionViewCell.swift */; };
		549BCD8E1EF3BFF70097E916 /* KYLayout.swift in Sources */ = {isa = PBXBuildFile; fileRef = 549BCD8D1EF3BFF70097E916 /* KYLayout.swift */; };
		549BCD941EF3C8730097E916 /* KYFocusModel.swift in Sources */ = {isa = PBXBuildFile; fileRef = 549BCD931EF3C8730097E916 /* KYFocusModel.swift */; };
		54EB17DE1EF2684D005D6791 /* UIViewExtension.swift in Sources */ = {isa = PBXBuildFile; fileRef = 54EB17DD1EF2684D005D6791 /* UIViewExtension.swift */; };
/* End PBXBuildFile section */

/* Begin PBXFileReference section */
		543085BE1EEE6F590093E766 /* KYAdViewController.swift */ = {isa = PBXFileReference; fileEncoding = 4; lastKnownFileType = sourcecode.swift; path = KYAdViewController.swift; sourceTree = "<group>"; };
		543085BF1EEE6F590093E766 /* KYAdViewController.xib */ = {isa = PBXFileReference; fileEncoding = 4; lastKnownFileType = file.xib; path = KYAdViewController.xib; sourceTree = "<group>"; };
		543085C41EEE6F590093E766 /* KYFairTableViewController.swift */ = {isa = PBXFileReference; fileEncoding = 4; lastKnownFileType = sourcecode.swift; path = KYFairTableViewController.swift; sourceTree = "<group>"; };
		543085C91EEE6F590093E766 /* KYHandTableViewController.swift */ = {isa = PBXFileReference; fileEncoding = 4; lastKnownFileType = sourcecode.swift; path = KYHandTableViewController.swift; sourceTree = "<group>"; };
		543085CE1EEE6F590093E766 /* KYHomController.swift */ = {isa = PBXFileReference; fileEncoding = 4; lastKnownFileType = sourcecode.swift; path = KYHomController.swift; sourceTree = "<group>"; };
		543085D31EEE6F590093E766 /* KYNavgationController.swift */ = {isa = PBXFileReference; fileEncoding = 4; lastKnownFileType = sourcecode.swift; path = KYNavgationController.swift; sourceTree = "<group>"; };
		543085D41EEE6F590093E766 /* KYTabBarController.swift */ = {isa = PBXFileReference; fileEncoding = 4; lastKnownFileType = sourcecode.swift; path = KYTabBarController.swift; sourceTree = "<group>"; };
		543085D91EEE6F590093E766 /* KYMyTableViewController.swift */ = {isa = PBXFileReference; fileEncoding = 4; lastKnownFileType = sourcecode.swift; path = KYMyTableViewController.swift; sourceTree = "<group>"; };
		543085DE1EEE6F590093E766 /* KYNewFeatureController.swift */ = {isa = PBXFileReference; fileEncoding = 4; lastKnownFileType = sourcecode.swift; path = KYNewFeatureController.swift; sourceTree = "<group>"; };
		543085E11EEE6F590093E766 /* KYNewFeatureCell.swift */ = {isa = PBXFileReference; fileEncoding = 4; lastKnownFileType = sourcecode.swift; path = KYNewFeatureCell.swift; sourceTree = "<group>"; };
		543085E21EEE6F590093E766 /* KYNewFeatureCell.xib */ = {isa = PBXFileReference; fileEncoding = 4; lastKnownFileType = file.xib; path = KYNewFeatureCell.xib; sourceTree = "<group>"; };
		543085E41EEE6F590093E766 /* AppDelegate.swift */ = {isa = PBXFileReference; fileEncoding = 4; lastKnownFileType = sourcecode.swift; path = AppDelegate.swift; sourceTree = "<group>"; };
		543085E91EEE6F590093E766 /* KYCommonTool.swift */ = {isa = PBXFileReference; fileEncoding = 4; lastKnownFileType = sourcecode.swift; path = KYCommonTool.swift; sourceTree = "<group>"; };
		543085EC1EEE6F590093E766 /* KYTutorialTableViewController.swift */ = {isa = PBXFileReference; fileEncoding = 4; lastKnownFileType = sourcecode.swift; path = KYTutorialTableViewController.swift; sourceTree = "<group>"; };
		545EA4EF1EEFC4D0004C5CB3 /* KYPageStyle.swift */ = {isa = PBXFileReference; fileEncoding = 4; lastKnownFileType = sourcecode.swift; path = KYPageStyle.swift; sourceTree = "<group>"; };
		545EA4F01EEFC4D0004C5CB3 /* KYPageView.swift */ = {isa = PBXFileReference; fileEncoding = 4; lastKnownFileType = sourcecode.swift; path = KYPageView.swift; sourceTree = "<group>"; };
		545EA5001EEFD6BA004C5CB3 /* KYNetWorkTool.swift */ = {isa = PBXFileReference; fileEncoding = 4; lastKnownFileType = sourcecode.swift; path = KYNetWorkTool.swift; sourceTree = "<group>"; };
		545EA5021EEFDD3A004C5CB3 /* KYCommon.swift */ = {isa = PBXFileReference; fileEncoding = 4; lastKnownFileType = sourcecode.swift; path = KYCommon.swift; sourceTree = "<group>"; };
		545EA5041EEFDF2B004C5CB3 /* KYProgressHUD.swift */ = {isa = PBXFileReference; fileEncoding = 4; lastKnownFileType = sourcecode.swift; path = KYProgressHUD.swift; sourceTree = "<group>"; };
		545EA5061EEFE630004C5CB3 /* KYConfig.swift */ = {isa = PBXFileReference; fileEncoding = 4; lastKnownFileType = sourcecode.swift; path = KYConfig.swift; sourceTree = "<group>"; };
		545EA5081EEFE880004C5CB3 /* bridging.h */ = {isa = PBXFileReference; lastKnownFileType = sourcecode.c.h; path = bridging.h; sourceTree = "<group>"; };
		545EA5091EEFEBF9004C5CB3 /* KYFeaturedModel.swift */ = {isa = PBXFileReference; fileEncoding = 4; lastKnownFileType = sourcecode.swift; path = KYFeaturedModel.swift; sourceTree = "<group>"; };
		545EA50B1EEFEFD7004C5CB3 /* KYSlideModel.swift */ = {isa = PBXFileReference; fileEncoding = 4; lastKnownFileType = sourcecode.swift; path = KYSlideModel.swift; sourceTree = "<group>"; };
		545EA50D1EEFEFF2004C5CB3 /* KYHotModel.swift */ = {isa = PBXFileReference; fileEncoding = 4; lastKnownFileType = sourcecode.swift; path = KYHotModel.swift; sourceTree = "<group>"; };
		545EA50F1EEFF007004C5CB3 /* KYNavigationModel.swift */ = {isa = PBXFileReference; fileEncoding = 4; lastKnownFileType = sourcecode.swift; path = KYNavigationModel.swift; sourceTree = "<group>"; };
		545EA5111EEFF016004C5CB3 /* KYAdvanceModel.swift */ = {isa = PBXFileReference; fileEncoding = 4; lastKnownFileType = sourcecode.swift; path = KYAdvanceModel.swift; sourceTree = "<group>"; };
		5470E2261EF0F5E700282FA0 /* KYWebViewController.swift */ = {isa = PBXFileReference; fileEncoding = 4; lastKnownFileType = sourcecode.swift; path = KYWebViewController.swift; sourceTree = "<group>"; };
		5470E2281EF0F60800282FA0 /* KYSlideEventController.swift */ = {isa = PBXFileReference; fileEncoding = 4; lastKnownFileType = sourcecode.swift; path = KYSlideEventController.swift; sourceTree = "<group>"; };
		5470E22A1EF0F62500282FA0 /* KYSlideLessonController.swift */ = {isa = PBXFileReference; fileEncoding = 4; lastKnownFileType = sourcecode.swift; path = KYSlideLessonController.swift; sourceTree = "<group>"; };
		5470E22E1EF0F75300282FA0 /* KYPageRouter.swift */ = {isa = PBXFileReference; fileEncoding = 4; lastKnownFileType = sourcecode.swift; path = KYPageRouter.swift; sourceTree = "<group>"; };
		5470E2301EF10E4C00282FA0 /* KYLessonData.swift */ = {isa = PBXFileReference; fileEncoding = 4; lastKnownFileType = sourcecode.swift; path = KYLessonData.swift; sourceTree = "<group>"; };
		547E16781EE94D7B0020E0A7 /* KYHandMade.app */ = {isa = PBXFileReference; explicitFileType = wrapper.application; includeInIndex = 0; path = KYHandMade.app; sourceTree = BUILT_PRODUCTS_DIR; };
		547E16821EE94D7B0020E0A7 /* Assets.xcassets */ = {isa = PBXFileReference; lastKnownFileType = folder.assetcatalog; path = Assets.xcassets; sourceTree = "<group>"; };
		547E16871EE94D7B0020E0A7 /* Info.plist */ = {isa = PBXFileReference; lastKnownFileType = text.plist.xml; path = Info.plist; sourceTree = "<group>"; };
		547E26101EF8B9A0003F4DB8 /* KYNavTitleView.swift */ = {isa = PBXFileReference; fileEncoding = 4; lastKnownFileType = sourcecode.swift; path = KYNavTitleView.swift; sourceTree = "<group>"; };
		547E26121EF8F2EE003F4DB8 /* KYTutorialPicController.swift */ = {isa = PBXFileReference; fileEncoding = 4; lastKnownFileType = sourcecode.swift; path = KYTutorialPicController.swift; sourceTree = "<group>"; };
		547E26141EF8F385003F4DB8 /* KYTutoriaVideoController.swift */ = {isa = PBXFileReference; fileEncoding = 4; lastKnownFileType = sourcecode.swift; path = KYTutoriaVideoController.swift; sourceTree = "<group>"; };
		547E26161EF8F41E003F4DB8 /* KYTutoriSubController.swift */ = {isa = PBXFileReference; fileEncoding = 4; lastKnownFileType = sourcecode.swift; path = KYTutoriSubController.swift; sourceTree = "<group>"; };
		547E26181EF8F4EA003F4DB8 /* KYContainerView.swift */ = {isa = PBXFileReference; fileEncoding = 4; lastKnownFileType = sourcecode.swift; path = KYContainerView.swift; sourceTree = "<group>"; };
		547E261A1EF90316003F4DB8 /* KYTutorialPicCell.swift */ = {isa = PBXFileReference; fileEncoding = 4; lastKnownFileType = sourcecode.swift; path = KYTutorialPicCell.swift; sourceTree = "<group>"; };
		547E261B1EF90316003F4DB8 /* KYTutorialPicCell.xib */ = {isa = PBXFileReference; fileEncoding = 4; lastKnownFileType = file.xib; path = KYTutorialPicCell.xib; sourceTree = "<group>"; };
		547E261E1EF9119D003F4DB8 /* KYTutoriaPicModel.swift */ = {isa = PBXFileReference; fileEncoding = 4; lastKnownFileType = sourcecode.swift; path = KYTutoriaPicModel.swift; sourceTree = "<group>"; };
		547E26221EF92133003F4DB8 /* UINavigationController+XWTransition.h */ = {isa = PBXFileReference; fileEncoding = 4; lastKnownFileType = sourcecode.c.h; path = "UINavigationController+XWTransition.h"; sourceTree = "<group>"; };
		547E26231EF92133003F4DB8 /* UINavigationController+XWTransition.m */ = {isa = PBXFileReference; fileEncoding = 4; lastKnownFileType = sourcecode.c.objc; path = "UINavigationController+XWTransition.m"; sourceTree = "<group>"; };
		547E26241EF92133003F4DB8 /* UIViewController+XWTransition.h */ = {isa = PBXFileReference; fileEncoding = 4; lastKnownFileType = sourcecode.c.h; path = "UIViewController+XWTransition.h"; sourceTree = "<group>"; };
		547E26251EF92133003F4DB8 /* UIViewController+XWTransition.m */ = {isa = PBXFileReference; fileEncoding = 4; lastKnownFileType = sourcecode.c.objc; path = "UIViewController+XWTransition.m"; sourceTree = "<group>"; };
		547E26271EF92133003F4DB8 /* XWInteractiveTransition.h */ = {isa = PBXFileReference; fileEncoding = 4; lastKnownFileType = sourcecode.c.h; path = XWInteractiveTransition.h; sourceTree = "<group>"; };
		547E26281EF92133003F4DB8 /* XWInteractiveTransition.m */ = {isa = PBXFileReference; fileEncoding = 4; lastKnownFileType = sourcecode.c.objc; path = XWInteractiveTransition.m; sourceTree = "<group>"; };
		547E26291EF92133003F4DB8 /* XWTransitionAnimator.h */ = {isa = PBXFileReference; fileEncoding = 4; lastKnownFileType = sourcecode.c.h; path = XWTransitionAnimator.h; sourceTree = "<group>"; };
		547E262A1EF92133003F4DB8 /* XWTransitionAnimator.m */ = {isa = PBXFileReference; fileEncoding = 4; lastKnownFileType = sourcecode.c.objc; path = XWTransitionAnimator.m; sourceTree = "<group>"; };
		547E262C1EF92133003F4DB8 /* line.png */ = {isa = PBXFileReference; lastKnownFileType = image.png; path = line.png; sourceTree = "<group>"; };
		547E262D1EF92133003F4DB8 /* mask.jpg */ = {isa = PBXFileReference; lastKnownFileType = image.jpeg; path = mask.jpg; sourceTree = "<group>"; };
		547E262E1EF92133003F4DB8 /* restrictedshine.tiff */ = {isa = PBXFileReference; lastKnownFileType = image.tiff; path = restrictedshine.tiff; sourceTree = "<group>"; };
		547E26301EF92133003F4DB8 /* XWCircleSpreadAnimator.h */ = {isa = PBXFileReference; fileEncoding = 4; lastKnownFileType = sourcecode.c.h; path = XWCircleSpreadAnimator.h; sourceTree = "<group>"; };
		547E26311EF92133003F4DB8 /* XWCircleSpreadAnimator.m */ = {isa = PBXFileReference; fileEncoding = 4; lastKnownFileType = sourcecode.c.objc; path = XWCircleSpreadAnimator.m; sourceTree = "<group>"; };
		547E26331EF92133003F4DB8 /* XWCoolAnimator+XWExplode.h */ = {isa = PBXFileReference; fileEncoding = 4; lastKnownFileType = sourcecode.c.h; path = "XWCoolAnimator+XWExplode.h"; sourceTree = "<group>"; };
		547E26341EF92133003F4DB8 /* XWCoolAnimator+XWExplode.m */ = {isa = PBXFileReference; fileEncoding = 4; lastKnownFileType = sourcecode.c.objc; path = "XWCoolAnimator+XWExplode.m"; sourceTree = "<group>"; };
		547E26351EF92133003F4DB8 /* XWCoolAnimator+XWFold.h */ = {isa = PBXFileReference; fileEncoding = 4; lastKnownFileType = sourcecode.c.h; path = "XWCoolAnimator+XWFold.h"; sourceTree = "<group>"; };
		547E26361EF92133003F4DB8 /* XWCoolAnimator+XWFold.m */ = {isa = PBXFileReference; fileEncoding = 4; lastKnownFileType = sourcecode.c.objc; path = "XWCoolAnimator+XWFold.m"; sourceTree = "<group>"; };
		547E26371EF92133003F4DB8 /* XWCoolAnimator+XWLines.h */ = {isa = PBXFileReference; fileEncoding = 4; lastKnownFileType = sourcecode.c.h; path = "XWCoolAnimator+XWLines.h"; sourceTree = "<group>"; };
		547E26381EF92133003F4DB8 /* XWCoolAnimator+XWLines.m */ = {isa = PBXFileReference; fileEncoding = 4; lastKnownFileType = sourcecode.c.objc; path = "XWCoolAnimator+XWLines.m"; sourceTree = "<group>"; };
		547E26391EF92133003F4DB8 /* XWCoolAnimator+XWMiddlePageFlip.h */ = {isa = PBXFileReference; fileEncoding = 4; lastKnownFileType = sourcecode.c.h; path = "XWCoolAnimator+XWMiddlePageFlip.h"; sourceTree = "<group>"; };
		547E263A1EF92133003F4DB8 /* XWCoolAnimator+XWMiddlePageFlip.m */ = {isa = PBXFileReference; fileEncoding = 4; lastKnownFileType = sourcecode.c.objc; path = "XWCoolAnimator+XWMiddlePageFlip.m"; sourceTree = "<group>"; };
		547E263B1EF92133003F4DB8 /* XWCoolAnimator+XWPageFlip.h */ = {isa = PBXFileReference; fileEncoding = 4; lastKnownFileType = sourcecode.c.h; path = "XWCoolAnimator+XWPageFlip.h"; sourceTree = "<group>"; };
		547E263C1EF92133003F4DB8 /* XWCoolAnimator+XWPageFlip.m */ = {isa = PBXFileReference; fileEncoding = 4; lastKnownFileType = sourcecode.c.objc; path = "XWCoolAnimator+XWPageFlip.m"; sourceTree = "<group>"; };
		547E263D1EF92133003F4DB8 /* XWCoolAnimator+XWPortal.h */ = {isa = PBXFileReference; fileEncoding = 4; lastKnownFileType = sourcecode.c.h; path = "XWCoolAnimator+XWPortal.h"; sourceTree = "<group>"; };
		547E263E1EF92133003F4DB8 /* XWCoolAnimator+XWPortal.m */ = {isa = PBXFileReference; fileEncoding = 4; lastKnownFileType = sourcecode.c.objc; path = "XWCoolAnimator+XWPortal.m"; sourceTree = "<group>"; };
		547E263F1EF92133003F4DB8 /* XWCoolAnimator+XWScanning.h */ = {isa = PBXFileReference; fileEncoding = 4; lastKnownFileType = sourcecode.c.h; path = "XWCoolAnimator+XWScanning.h"; sourceTree = "<group>"; };
		547E26401EF92133003F4DB8 /* XWCoolAnimator+XWScanning.m */ = {isa = PBXFileReference; fileEncoding = 4; lastKnownFileType = sourcecode.c.objc; path = "XWCoolAnimator+XWScanning.m"; sourceTree = "<group>"; };
		547E26411EF92133003F4DB8 /* XWCoolAnimator.h */ = {isa = PBXFileReference; fileEncoding = 4; lastKnownFileType = sourcecode.c.h; path = XWCoolAnimator.h; sourceTree = "<group>"; };
		547E26421EF92133003F4DB8 /* XWCoolAnimator.m */ = {isa = PBXFileReference; fileEncoding = 4; lastKnownFileType = sourcecode.c.objc; path = XWCoolAnimator.m; sourceTree = "<group>"; };
		547E26441EF92133003F4DB8 /* XWDrawerAnimator.h */ = {isa = PBXFileReference; fileEncoding = 4; lastKnownFileType = sourcecode.c.h; path = XWDrawerAnimator.h; sourceTree = "<group>"; };
		547E26451EF92133003F4DB8 /* XWDrawerAnimator.m */ = {isa = PBXFileReference; fileEncoding = 4; lastKnownFileType = sourcecode.c.objc; path = XWDrawerAnimator.m; sourceTree = "<group>"; };
		547E26471EF92133003F4DB8 /* XWFilterAnimator+XWBarSwipe.h */ = {isa = PBXFileReference; fileEncoding = 4; lastKnownFileType = sourcecode.c.h; path = "XWFilterAnimator+XWBarSwipe.h"; sourceTree = "<group>"; };
		547E26481EF92133003F4DB8 /* XWFilterAnimator+XWBarSwipe.m */ = {isa = PBXFileReference; fileEncoding = 4; lastKnownFileType = sourcecode.c.objc; path = "XWFilterAnimator+XWBarSwipe.m"; sourceTree = "<group>"; };
		547E26491EF92133003F4DB8 /* XWFilterAnimator+XWBoxBlur.h */ = {isa = PBXFileReference; fileEncoding = 4; lastKnownFileType = sourcecode.c.h; path = "XWFilterAnimator+XWBoxBlur.h"; sourceTree = "<group>"; };
		547E264A1EF92133003F4DB8 /* XWFilterAnimator+XWBoxBlur.m */ = {isa = PBXFileReference; fileEncoding = 4; lastKnownFileType = sourcecode.c.objc; path = "XWFilterAnimator+XWBoxBlur.m"; sourceTree = "<group>"; };
		547E264B1EF92133003F4DB8 /* XWFilterAnimator+XWCopyMachine.h */ = {isa = PBXFileReference; fileEncoding = 4; lastKnownFileType = sourcecode.c.h; path = "XWFilterAnimator+XWCopyMachine.h"; sourceTree = "<group>"; };
		547E264C1EF92133003F4DB8 /* XWFilterAnimator+XWCopyMachine.m */ = {isa = PBXFileReference; fileEncoding = 4; lastKnownFileType = sourcecode.c.objc; path = "XWFilterAnimator+XWCopyMachine.m"; sourceTree = "<group>"; };
		547E264D1EF92133003F4DB8 /* XWFilterAnimator+XWFlash.h */ = {isa = PBXFileReference; fileEncoding = 4; lastKnownFileType = sourcecode.c.h; path = "XWFilterAnimator+XWFlash.h"; sourceTree = "<group>"; };
		547E264E1EF92133003F4DB8 /* XWFilterAnimator+XWFlash.m */ = {isa = PBXFileReference; fileEncoding = 4; lastKnownFileType = sourcecode.c.objc; path = "XWFilterAnimator+XWFlash.m"; sourceTree = "<group>"; };
		547E264F1EF92133003F4DB8 /* XWFilterAnimator+XWMask.h */ = {isa = PBXFileReference; fileEncoding = 4; lastKnownFileType = sourcecode.c.h; path = "XWFilterAnimator+XWMask.h"; sourceTree = "<group>"; };
		547E26501EF92133003F4DB8 /* XWFilterAnimator+XWMask.m */ = {isa = PBXFileReference; fileEncoding = 4; lastKnownFileType = sourcecode.c.objc; path = "XWFilterAnimator+XWMask.m"; sourceTree = "<group>"; };
		547E26511EF92133003F4DB8 /* XWFilterAnimator+XWMod.h */ = {isa = PBXFileReference; fileEncoding = 4; lastKnownFileType = sourcecode.c.h; path = "XWFilterAnimator+XWMod.h"; sourceTree = "<group>"; };
		547E26521EF92133003F4DB8 /* XWFilterAnimator+XWMod.m */ = {isa = PBXFileReference; fileEncoding = 4; lastKnownFileType = sourcecode.c.objc; path = "XWFilterAnimator+XWMod.m"; sourceTree = "<group>"; };
		547E26531EF92133003F4DB8 /* XWFilterAnimator+XWPageCurl.h */ = {isa = PBXFileReference; fileEncoding = 4; lastKnownFileType = sourcecode.c.h; path = "XWFilterAnimator+XWPageCurl.h"; sourceTree = "<group>"; };
		547E26541EF92133003F4DB8 /* XWFilterAnimator+XWPageCurl.m */ = {isa = PBXFileReference; fileEncoding = 4; lastKnownFileType = sourcecode.c.objc; path = "XWFilterAnimator+XWPageCurl.m"; sourceTree = "<group>"; };
		547E26551EF92133003F4DB8 /* XWFilterAnimator+XWRipple.h */ = {isa = PBXFileReference; fileEncoding = 4; lastKnownFileType = sourcecode.c.h; path = "XWFilterAnimator+XWRipple.h"; sourceTree = "<group>"; };
		547E26561EF92133003F4DB8 /* XWFilterAnimator+XWRipple.m */ = {isa = PBXFileReference; fileEncoding = 4; lastKnownFileType = sourcecode.c.objc; path = "XWFilterAnimator+XWRipple.m"; sourceTree = "<group>"; };
		547E26571EF92133003F4DB8 /* XWFilterAnimator+XWSwipe.h */ = {isa = PBXFileReference; fileEncoding = 4; lastKnownFileType = sourcecode.c.h; path = "XWFilterAnimator+XWSwipe.h"; sourceTree = "<group>"; };
		547E26581EF92133003F4DB8 /* XWFilterAnimator+XWSwipe.m */ = {isa = PBXFileReference; fileEncoding = 4; lastKnownFileType = sourcecode.c.objc; path = "XWFilterAnimator+XWSwipe.m"; sourceTree = "<group>"; };
		547E26591EF92133003F4DB8 /* XWFilterAnimator.h */ = {isa = PBXFileReference; fileEncoding = 4; lastKnownFileType = sourcecode.c.h; path = XWFilterAnimator.h; sourceTree = "<group>"; };
		547E265A1EF92133003F4DB8 /* XWFilterAnimator.m */ = {isa = PBXFileReference; fileEncoding = 4; lastKnownFileType = sourcecode.c.objc; path = XWFilterAnimator.m; sourceTree = "<group>"; };
		547E265B1EF92133003F4DB8 /* XWFilterTransitionView.h */ = {isa = PBXFileReference; fileEncoding = 4; lastKnownFileType = sourcecode.c.h; path = XWFilterTransitionView.h; sourceTree = "<group>"; };
		547E265C1EF92133003F4DB8 /* XWFilterTransitionView.m */ = {isa = PBXFileReference; fileEncoding = 4; lastKnownFileType = sourcecode.c.objc; path = XWFilterTransitionView.m; sourceTree = "<group>"; };
		547E265E1EF92133003F4DB8 /* XWMagicMoveAnimator.h */ = {isa = PBXFileReference; fileEncoding = 4; lastKnownFileType = sourcecode.c.h; path = XWMagicMoveAnimator.h; sourceTree = "<group>"; };
		547E265F1EF92133003F4DB8 /* XWMagicMoveAnimator.m */ = {isa = PBXFileReference; fileEncoding = 4; lastKnownFileType = sourcecode.c.objc; path = XWMagicMoveAnimator.m; sourceTree = "<group>"; };
		547EF9C91EF7643D0036753F /* KYDaRenModel.swift */ = {isa = PBXFileReference; fileEncoding = 4; lastKnownFileType = sourcecode.swift; path = KYDaRenModel.swift; sourceTree = "<group>"; };
		547EF9CF1EF77CA60036753F /* KYDaRenPicController.swift */ = {isa = PBXFileReference; fileEncoding = 4; lastKnownFileType = sourcecode.swift; path = KYDaRenPicController.swift; sourceTree = "<group>"; };
		547EF9D51EF798260036753F /* KYEventModel.swift */ = {isa = PBXFileReference; fileEncoding = 4; lastKnownFileType = sourcecode.swift; path = KYEventModel.swift; sourceTree = "<group>"; };
		547EF9E11EF7AF0E0036753F /* KYSlideShopModel.swift */ = {isa = PBXFileReference; fileEncoding = 4; lastKnownFileType = sourcecode.swift; path = KYSlideShopModel.swift; sourceTree = "<group>"; };
		547EF9E41EF7B9B00036753F /* KYAdvanceView.swift */ = {isa = PBXFileReference; fileEncoding = 4; lastKnownFileType = sourcecode.swift; path = KYAdvanceView.swift; sourceTree = "<group>"; };
		547EF9E51EF7B9B00036753F /* KYAdvanceView.xib */ = {isa = PBXFileReference; fileEncoding = 4; lastKnownFileType = file.xib; path = KYAdvanceView.xib; sourceTree = "<group>"; };
		547EF9E61EF7B9B00036753F /* KYDaRenView.swift */ = {isa = PBXFileReference; fileEncoding = 4; lastKnownFileType = sourcecode.swift; path = KYDaRenView.swift; sourceTree = "<group>"; };
		547EF9E71EF7B9B00036753F /* KYEventNewView.swift */ = {isa = PBXFileReference; fileEncoding = 4; lastKnownFileType = sourcecode.swift; path = KYEventNewView.swift; sourceTree = "<group>"; };
		547EF9E81EF7B9B00036753F /* KYEventView.swift */ = {isa = PBXFileReference; fileEncoding = 4; lastKnownFileType = sourcecode.swift; path = KYEventView.swift; sourceTree = "<group>"; };
		547EF9E91EF7B9B00036753F /* KYFeaturedView.swift */ = {isa = PBXFileReference; fileEncoding = 4; lastKnownFileType = sourcecode.swift; path = KYFeaturedView.swift; sourceTree = "<group>"; };
		547EF9EA1EF7B9B00036753F /* KYFocusView.swift */ = {isa = PBXFileReference; fileEncoding = 4; lastKnownFileType = sourcecode.swift; path = KYFocusView.swift; sourceTree = "<group>"; };
		547EF9EB1EF7B9B00036753F /* KYNavigationView.swift */ = {isa = PBXFileReference; fileEncoding = 4; lastKnownFileType = sourcecode.swift; path = KYNavigationView.swift; sourceTree = "<group>"; };
		547EF9EC1EF7B9B00036753F /* KYNavigationView.xib */ = {isa = PBXFileReference; fileEncoding = 4; lastKnownFileType = file.xib; path = KYNavigationView.xib; sourceTree = "<group>"; };
		547EF9ED1EF7B9B00036753F /* KYWebView.swift */ = {isa = PBXFileReference; fileEncoding = 4; lastKnownFileType = sourcecode.swift; path = KYWebView.swift; sourceTree = "<group>"; };
		547EF9EF1EF7B9B00036753F /* KYDarenCell.swift */ = {isa = PBXFileReference; fileEncoding = 4; lastKnownFileType = sourcecode.swift; path = KYDarenCell.swift; sourceTree = "<group>"; };
		547EF9F01EF7B9B00036753F /* KYDarenCell.xib */ = {isa = PBXFileReference; fileEncoding = 4; lastKnownFileType = file.xib; path = KYDarenCell.xib; sourceTree = "<group>"; };
		547EF9F11EF7B9B00036753F /* KYEventCell.swift */ = {isa = PBXFileReference; fileEncoding = 4; lastKnownFileType = sourcecode.swift; path = KYEventCell.swift; sourceTree = "<group>"; };
		547EF9F21EF7B9B00036753F /* KYEventCell.xib */ = {isa = PBXFileReference; fileEncoding = 4; lastKnownFileType = file.xib; path = KYEventCell.xib; sourceTree = "<group>"; };
		547EF9F31EF7B9B00036753F /* KYFeaturedCell.swift */ = {isa = PBXFileReference; fileEncoding = 4; lastKnownFileType = sourcecode.swift; path = KYFeaturedCell.swift; sourceTree = "<group>"; };
		547EF9F41EF7B9B00036753F /* KYFeaturedCell.xib */ = {isa = PBXFileReference; fileEncoding = 4; lastKnownFileType = file.xib; path = KYFeaturedCell.xib; sourceTree = "<group>"; };
		547EF9F51EF7B9B00036753F /* KYFocusCell.swift */ = {isa = PBXFileReference; fileEncoding = 4; lastKnownFileType = sourcecode.swift; path = KYFocusCell.swift; sourceTree = "<group>"; };
		547EF9F61EF7B9B00036753F /* KYFocusCell.xib */ = {isa = PBXFileReference; fileEncoding = 4; lastKnownFileType = file.xib; path = KYFocusCell.xib; sourceTree = "<group>"; };
		547EF9F71EF7B9B00036753F /* KYSlideCollectionViewCell.swift */ = {isa = PBXFileReference; fileEncoding = 4; lastKnownFileType = sourcecode.swift; path = KYSlideCollectionViewCell.swift; sourceTree = "<group>"; };
		547EF9F81EF7B9B00036753F /* KYSlideCollectionViewCell.xib */ = {isa = PBXFileReference; fileEncoding = 4; lastKnownFileType = file.xib; path = KYSlideCollectionViewCell.xib; sourceTree = "<group>"; };
		549BCD8B1EF3B6CB0097E916 /* KYPageCollectionViewCell.swift */ = {isa = PBXFileReference; fileEncoding = 4; lastKnownFileType = sourcecode.swift; path = KYPageCollectionViewCell.swift; sourceTree = "<group>"; };
		549BCD8D1EF3BFF70097E916 /* KYLayout.swift */ = {isa = PBXFileReference; fileEncoding = 4; lastKnownFileType = sourcecode.swift; path = KYLayout.swift; sourceTree = "<group>"; };
		549BCD931EF3C8730097E916 /* KYFocusModel.swift */ = {isa = PBXFileReference; fileEncoding = 4; lastKnownFileType = sourcecode.swift; path = KYFocusModel.swift; sourceTree = "<group>"; };
		54EB17DD1EF2684D005D6791 /* UIViewExtension.swift */ = {isa = PBXFileReference; fileEncoding = 4; lastKnownFileType = sourcecode.swift; path = UIViewExtension.swift; sourceTree = "<group>"; };
		5FC183425314ED4C1FE5D2E7 /* Pods-KYHandMade.debug.xcconfig */ = {isa = PBXFileReference; includeInIndex = 1; lastKnownFileType = text.xcconfig; name = "Pods-KYHandMade.debug.xcconfig"; path = "Pods/Target Support Files/Pods-KYHandMade/Pods-KYHandMade.debug.xcconfig"; sourceTree = "<group>"; };
		BCC62D6337226E72EE2A3997 /* Pods-KYHandMade.release.xcconfig */ = {isa = PBXFileReference; includeInIndex = 1; lastKnownFileType = text.xcconfig; name = "Pods-KYHandMade.release.xcconfig"; path = "Pods/Target Support Files/Pods-KYHandMade/Pods-KYHandMade.release.xcconfig"; sourceTree = "<group>"; };
		C164B324D2D51207744875E1 /* Pods_KYHandMade.framework */ = {isa = PBXFileReference; explicitFileType = wrapper.framework; includeInIndex = 0; path = Pods_KYHandMade.framework; sourceTree = BUILT_PRODUCTS_DIR; };
/* End PBXFileReference section */

/* Begin PBXFrameworksBuildPhase section */
		547E16751EE94D7B0020E0A7 /* Frameworks */ = {
			isa = PBXFrameworksBuildPhase;
			buildActionMask = 2147483647;
			files = (
				159062A3ADBE88F9C4AC91D7 /* Pods_KYHandMade.framework in Frameworks */,
			);
			runOnlyForDeploymentPostprocessing = 0;
		};
/* End PBXFrameworksBuildPhase section */

/* Begin PBXGroup section */
		543085BB1EEE6F590093E766 /* Class */ = {
			isa = PBXGroup;
			children = (
				543085BC1EEE6F590093E766 /* Ad(广告) */,
				543085C21EEE6F590093E766 /* Fair(市集) */,
				543085C71EEE6F590093E766 /* Hand(手工圈) */,
				543085CC1EEE6F590093E766 /* Home(首页) */,
				543085D11EEE6F590093E766 /* Main(主要) */,
				543085D71EEE6F590093E766 /* My(我的) */,
				543085DC1EEE6F590093E766 /* NewFeature(新特性) */,
				543085E31EEE6F590093E766 /* Other(其他) */,
				543085E81EEE6F590093E766 /* Tools */,
				543085EA1EEE6F590093E766 /* Tutorial(教程) */,
			);
			path = Class;
			sourceTree = "<group>";
		};
		543085BC1EEE6F590093E766 /* Ad(广告) */ = {
			isa = PBXGroup;
			children = (
				543085BD1EEE6F590093E766 /* Controller */,
				543085C01EEE6F590093E766 /* Model */,
				543085C11EEE6F590093E766 /* View */,
			);
			path = "Ad(广告)";
			sourceTree = "<group>";
		};
		543085BD1EEE6F590093E766 /* Controller */ = {
			isa = PBXGroup;
			children = (
				543085BE1EEE6F590093E766 /* KYAdViewController.swift */,
				543085BF1EEE6F590093E766 /* KYAdViewController.xib */,
			);
			path = Controller;
			sourceTree = "<group>";
		};
		543085C01EEE6F590093E766 /* Model */ = {
			isa = PBXGroup;
			children = (
			);
			path = Model;
			sourceTree = "<group>";
		};
		543085C11EEE6F590093E766 /* View */ = {
			isa = PBXGroup;
			children = (
			);
			path = View;
			sourceTree = "<group>";
		};
		543085C21EEE6F590093E766 /* Fair(市集) */ = {
			isa = PBXGroup;
			children = (
				543085C31EEE6F590093E766 /* Controller */,
				543085C51EEE6F590093E766 /* Model */,
				543085C61EEE6F590093E766 /* View */,
			);
			path = "Fair(市集)";
			sourceTree = "<group>";
		};
		543085C31EEE6F590093E766 /* Controller */ = {
			isa = PBXGroup;
			children = (
				543085C41EEE6F590093E766 /* KYFairTableViewController.swift */,
			);
			path = Controller;
			sourceTree = "<group>";
		};
		543085C51EEE6F590093E766 /* Model */ = {
			isa = PBXGroup;
			children = (
			);
			path = Model;
			sourceTree = "<group>";
		};
		543085C61EEE6F590093E766 /* View */ = {
			isa = PBXGroup;
			children = (
			);
			path = View;
			sourceTree = "<group>";
		};
		543085C71EEE6F590093E766 /* Hand(手工圈) */ = {
			isa = PBXGroup;
			children = (
				543085C81EEE6F590093E766 /* Controller */,
				543085CA1EEE6F590093E766 /* Model */,
				543085CB1EEE6F590093E766 /* View */,
			);
			path = "Hand(手工圈)";
			sourceTree = "<group>";
		};
		543085C81EEE6F590093E766 /* Controller */ = {
			isa = PBXGroup;
			children = (
				543085C91EEE6F590093E766 /* KYHandTableViewController.swift */,
			);
			path = Controller;
			sourceTree = "<group>";
		};
		543085CA1EEE6F590093E766 /* Model */ = {
			isa = PBXGroup;
			children = (
			);
			path = Model;
			sourceTree = "<group>";
		};
		543085CB1EEE6F590093E766 /* View */ = {
			isa = PBXGroup;
			children = (
			);
			path = View;
			sourceTree = "<group>";
		};
		543085CC1EEE6F590093E766 /* Home(首页) */ = {
			isa = PBXGroup;
			children = (
				543085CD1EEE6F590093E766 /* Controller */,
				543085CF1EEE6F590093E766 /* Model */,
				543085D01EEE6F590093E766 /* View */,
			);
			path = "Home(首页)";
			sourceTree = "<group>";
		};
		543085CD1EEE6F590093E766 /* Controller */ = {
			isa = PBXGroup;
			children = (
				543085CE1EEE6F590093E766 /* KYHomController.swift */,
				5470E2281EF0F60800282FA0 /* KYSlideEventController.swift */,
				5470E22A1EF0F62500282FA0 /* KYSlideLessonController.swift */,
				547EF9CF1EF77CA60036753F /* KYDaRenPicController.swift */,
			);
			path = Controller;
			sourceTree = "<group>";
		};
		543085CF1EEE6F590093E766 /* Model */ = {
			isa = PBXGroup;
			children = (
				545EA5091EEFEBF9004C5CB3 /* KYFeaturedModel.swift */,
				545EA50B1EEFEFD7004C5CB3 /* KYSlideModel.swift */,
				545EA50D1EEFEFF2004C5CB3 /* KYHotModel.swift */,
				545EA50F1EEFF007004C5CB3 /* KYNavigationModel.swift */,
				545EA5111EEFF016004C5CB3 /* KYAdvanceModel.swift */,
				5470E2301EF10E4C00282FA0 /* KYLessonData.swift */,
				549BCD8D1EF3BFF70097E916 /* KYLayout.swift */,
				549BCD931EF3C8730097E916 /* KYFocusModel.swift */,
				547EF9C91EF7643D0036753F /* KYDaRenModel.swift */,
				547EF9D51EF798260036753F /* KYEventModel.swift */,
				547EF9E11EF7AF0E0036753F /* KYSlideShopModel.swift */,
			);
			path = Model;
			sourceTree = "<group>";
		};
		543085D01EEE6F590093E766 /* View */ = {
			isa = PBXGroup;
			children = (
				547EF9E31EF7B9B00036753F /* pageView */,
				547EF9EE1EF7B9B00036753F /* PageViewCell */,
			);
			path = View;
			sourceTree = "<group>";
		};
		543085D11EEE6F590093E766 /* Main(主要) */ = {
			isa = PBXGroup;
			children = (
				543086081EEE89200093E766 /* lib */,
				543085D21EEE6F590093E766 /* Controller */,
				543085D51EEE6F590093E766 /* Model */,
				543085D61EEE6F590093E766 /* View */,
			);
			path = "Main(主要)";
			sourceTree = "<group>";
		};
		543085D21EEE6F590093E766 /* Controller */ = {
			isa = PBXGroup;
			children = (
				543085D31EEE6F590093E766 /* KYNavgationController.swift */,
				543085D41EEE6F590093E766 /* KYTabBarController.swift */,
				5470E2261EF0F5E700282FA0 /* KYWebViewController.swift */,
			);
			path = Controller;
			sourceTree = "<group>";
		};
		543085D51EEE6F590093E766 /* Model */ = {
			isa = PBXGroup;
			children = (
			);
			path = Model;
			sourceTree = "<group>";
		};
		543085D61EEE6F590093E766 /* View */ = {
			isa = PBXGroup;
			children = (
			);
			path = View;
			sourceTree = "<group>";
		};
		543085D71EEE6F590093E766 /* My(我的) */ = {
			isa = PBXGroup;
			children = (
				543085D81EEE6F590093E766 /* Controller */,
				543085DA1EEE6F590093E766 /* Model */,
				543085DB1EEE6F590093E766 /* View */,
			);
			path = "My(我的)";
			sourceTree = "<group>";
		};
		543085D81EEE6F590093E766 /* Controller */ = {
			isa = PBXGroup;
			children = (
				543085D91EEE6F590093E766 /* KYMyTableViewController.swift */,
			);
			path = Controller;
			sourceTree = "<group>";
		};
		543085DA1EEE6F590093E766 /* Model */ = {
			isa = PBXGroup;
			children = (
			);
			path = Model;
			sourceTree = "<group>";
		};
		543085DB1EEE6F590093E766 /* View */ = {
			isa = PBXGroup;
			children = (
			);
			path = View;
			sourceTree = "<group>";
		};
		543085DC1EEE6F590093E766 /* NewFeature(新特性) */ = {
			isa = PBXGroup;
			children = (
				543085DD1EEE6F590093E766 /* Controller */,
				543085DF1EEE6F590093E766 /* Model */,
				543085E01EEE6F590093E766 /* View */,
			);
			path = "NewFeature(新特性)";
			sourceTree = "<group>";
		};
		543085DD1EEE6F590093E766 /* Controller */ = {
			isa = PBXGroup;
			children = (
				543085DE1EEE6F590093E766 /* KYNewFeatureController.swift */,
			);
			path = Controller;
			sourceTree = "<group>";
		};
		543085DF1EEE6F590093E766 /* Model */ = {
			isa = PBXGroup;
			children = (
			);
			path = Model;
			sourceTree = "<group>";
		};
		543085E01EEE6F590093E766 /* View */ = {
			isa = PBXGroup;
			children = (
				543085E11EEE6F590093E766 /* KYNewFeatureCell.swift */,
				543085E21EEE6F590093E766 /* KYNewFeatureCell.xib */,
			);
			path = View;
			sourceTree = "<group>";
		};
		543085E31EEE6F590093E766 /* Other(其他) */ = {
			isa = PBXGroup;
			children = (
				54EB17DD1EF2684D005D6791 /* UIViewExtension.swift */,
				543085E41EEE6F590093E766 /* AppDelegate.swift */,
				543085E51EEE6F590093E766 /* Controller */,
				543085E61EEE6F590093E766 /* Model */,
				543085E71EEE6F590093E766 /* View */,
				545EA5021EEFDD3A004C5CB3 /* KYCommon.swift */,
				545EA5061EEFE630004C5CB3 /* KYConfig.swift */,
				545EA5081EEFE880004C5CB3 /* bridging.h */,
			);
			path = "Other(其他)";
			sourceTree = "<group>";
		};
		543085E51EEE6F590093E766 /* Controller */ = {
			isa = PBXGroup;
			children = (
			);
			path = Controller;
			sourceTree = "<group>";
		};
		543085E61EEE6F590093E766 /* Model */ = {
			isa = PBXGroup;
			children = (
			);
			path = Model;
			sourceTree = "<group>";
		};
		543085E71EEE6F590093E766 /* View */ = {
			isa = PBXGroup;
			children = (
			);
			path = View;
			sourceTree = "<group>";
		};
		543085E81EEE6F590093E766 /* Tools */ = {
			isa = PBXGroup;
			children = (
				543085E91EEE6F590093E766 /* KYCommonTool.swift */,
				545EA5001EEFD6BA004C5CB3 /* KYNetWorkTool.swift */,
				545EA5041EEFDF2B004C5CB3 /* KYProgressHUD.swift */,
				5470E22E1EF0F75300282FA0 /* KYPageRouter.swift */,
			);
			path = Tools;
			sourceTree = "<group>";
		};
		543085EA1EEE6F590093E766 /* Tutorial(教程) */ = {
			isa = PBXGroup;
			children = (
				543085EB1EEE6F590093E766 /* Controller */,
				543085ED1EEE6F590093E766 /* Model */,
				543085EE1EEE6F590093E766 /* View */,
			);
			path = "Tutorial(教程)";
			sourceTree = "<group>";
		};
		543085EB1EEE6F590093E766 /* Controller */ = {
			isa = PBXGroup;
			children = (
				543085EC1EEE6F590093E766 /* KYTutorialTableViewController.swift */,
				547E26121EF8F2EE003F4DB8 /* KYTutorialPicController.swift */,
				547E26141EF8F385003F4DB8 /* KYTutoriaVideoController.swift */,
				547E26161EF8F41E003F4DB8 /* KYTutoriSubController.swift */,
			);
			path = Controller;
			sourceTree = "<group>";
		};
		543085ED1EEE6F590093E766 /* Model */ = {
			isa = PBXGroup;
			children = (
				547E261E1EF9119D003F4DB8 /* KYTutoriaPicModel.swift */,
			);
			path = Model;
			sourceTree = "<group>";
		};
		543085EE1EEE6F590093E766 /* View */ = {
			isa = PBXGroup;
			children = (
				547E26101EF8B9A0003F4DB8 /* KYNavTitleView.swift */,
				547E26181EF8F4EA003F4DB8 /* KYContainerView.swift */,
				547E261A1EF90316003F4DB8 /* KYTutorialPicCell.swift */,
				547E261B1EF90316003F4DB8 /* KYTutorialPicCell.xib */,
			);
			path = View;
			sourceTree = "<group>";
		};
		543086081EEE89200093E766 /* lib */ = {
			isa = PBXGroup;
			children = (
				547E26201EF92133003F4DB8 /* XWTransition */,
				545EA4ED1EEFC4D0004C5CB3 /* Classes */,
			);
			path = lib;
			sourceTree = "<group>";
		};
		545EA4ED1EEFC4D0004C5CB3 /* Classes */ = {
			isa = PBXGroup;
			children = (
				549BCD8B1EF3B6CB0097E916 /* KYPageCollectionViewCell.swift */,
				545EA4EF1EEFC4D0004C5CB3 /* KYPageStyle.swift */,
				545EA4F01EEFC4D0004C5CB3 /* KYPageView.swift */,
			);
			name = Classes;
			path = "../../../../../../../../维护框架/KYPageView/KYPageView/KYPageView/Classes";
			sourceTree = "<group>";
		};
		547E166F1EE94D7B0020E0A7 = {
			isa = PBXGroup;
			children = (
				547E167A1EE94D7B0020E0A7 /* KYHandMade */,
				547E16791EE94D7B0020E0A7 /* Products */,
				F2A229EF591A363B009F6A94 /* Pods */,
				EC879C8DB671CE6F51E5DC5E /* Frameworks */,
			);
			sourceTree = "<group>";
		};
		547E16791EE94D7B0020E0A7 /* Products */ = {
			isa = PBXGroup;
			children = (
				547E16781EE94D7B0020E0A7 /* KYHandMade.app */,
			);
			name = Products;
			sourceTree = "<group>";
		};
		547E167A1EE94D7B0020E0A7 /* KYHandMade */ = {
			isa = PBXGroup;
			children = (
				543085BB1EEE6F590093E766 /* Class */,
				547E16821EE94D7B0020E0A7 /* Assets.xcassets */,
				547E16871EE94D7B0020E0A7 /* Info.plist */,
			);
			path = KYHandMade;
			sourceTree = "<group>";
		};
		547E26201EF92133003F4DB8 /* XWTransition */ = {
			isa = PBXGroup;
			children = (
				547E26211EF92133003F4DB8 /* Category */,
				547E26261EF92133003F4DB8 /* Main */,
				547E262B1EF92133003F4DB8 /* Resoures */,
				547E262F1EF92133003F4DB8 /* XWCircleSpreadAnimator */,
				547E26321EF92133003F4DB8 /* XWCoolAnimator */,
				547E26431EF92133003F4DB8 /* XWDrawerAnimator */,
				547E26461EF92133003F4DB8 /* XWFilterAnimator */,
				547E265D1EF92133003F4DB8 /* XWMagicMoveAnimator */,
			);
			path = XWTransition;
			sourceTree = "<group>";
		};
		547E26211EF92133003F4DB8 /* Category */ = {
			isa = PBXGroup;
			children = (
				547E26221EF92133003F4DB8 /* UINavigationController+XWTransition.h */,
				547E26231EF92133003F4DB8 /* UINavigationController+XWTransition.m */,
				547E26241EF92133003F4DB8 /* UIViewController+XWTransition.h */,
				547E26251EF92133003F4DB8 /* UIViewController+XWTransition.m */,
			);
			path = Category;
			sourceTree = "<group>";
		};
		547E26261EF92133003F4DB8 /* Main */ = {
			isa = PBXGroup;
			children = (
				547E26271EF92133003F4DB8 /* XWInteractiveTransition.h */,
				547E26281EF92133003F4DB8 /* XWInteractiveTransition.m */,
				547E26291EF92133003F4DB8 /* XWTransitionAnimator.h */,
				547E262A1EF92133003F4DB8 /* XWTransitionAnimator.m */,
			);
			path = Main;
			sourceTree = "<group>";
		};
		547E262B1EF92133003F4DB8 /* Resoures */ = {
			isa = PBXGroup;
			children = (
				547E262C1EF92133003F4DB8 /* line.png */,
				547E262D1EF92133003F4DB8 /* mask.jpg */,
				547E262E1EF92133003F4DB8 /* restrictedshine.tiff */,
			);
			path = Resoures;
			sourceTree = "<group>";
		};
		547E262F1EF92133003F4DB8 /* XWCircleSpreadAnimator */ = {
			isa = PBXGroup;
			children = (
				547E26301EF92133003F4DB8 /* XWCircleSpreadAnimator.h */,
				547E26311EF92133003F4DB8 /* XWCircleSpreadAnimator.m */,
			);
			path = XWCircleSpreadAnimator;
			sourceTree = "<group>";
		};
		547E26321EF92133003F4DB8 /* XWCoolAnimator */ = {
			isa = PBXGroup;
			children = (
				547E26331EF92133003F4DB8 /* XWCoolAnimator+XWExplode.h */,
				547E26341EF92133003F4DB8 /* XWCoolAnimator+XWExplode.m */,
				547E26351EF92133003F4DB8 /* XWCoolAnimator+XWFold.h */,
				547E26361EF92133003F4DB8 /* XWCoolAnimator+XWFold.m */,
				547E26371EF92133003F4DB8 /* XWCoolAnimator+XWLines.h */,
				547E26381EF92133003F4DB8 /* XWCoolAnimator+XWLines.m */,
				547E26391EF92133003F4DB8 /* XWCoolAnimator+XWMiddlePageFlip.h */,
				547E263A1EF92133003F4DB8 /* XWCoolAnimator+XWMiddlePageFlip.m */,
				547E263B1EF92133003F4DB8 /* XWCoolAnimator+XWPageFlip.h */,
				547E263C1EF92133003F4DB8 /* XWCoolAnimator+XWPageFlip.m */,
				547E263D1EF92133003F4DB8 /* XWCoolAnimator+XWPortal.h */,
				547E263E1EF92133003F4DB8 /* XWCoolAnimator+XWPortal.m */,
				547E263F1EF92133003F4DB8 /* XWCoolAnimator+XWScanning.h */,
				547E26401EF92133003F4DB8 /* XWCoolAnimator+XWScanning.m */,
				547E26411EF92133003F4DB8 /* XWCoolAnimator.h */,
				547E26421EF92133003F4DB8 /* XWCoolAnimator.m */,
			);
			path = XWCoolAnimator;
			sourceTree = "<group>";
		};
		547E26431EF92133003F4DB8 /* XWDrawerAnimator */ = {
			isa = PBXGroup;
			children = (
				547E26441EF92133003F4DB8 /* XWDrawerAnimator.h */,
				547E26451EF92133003F4DB8 /* XWDrawerAnimator.m */,
			);
			path = XWDrawerAnimator;
			sourceTree = "<group>";
		};
		547E26461EF92133003F4DB8 /* XWFilterAnimator */ = {
			isa = PBXGroup;
			children = (
				547E26471EF92133003F4DB8 /* XWFilterAnimator+XWBarSwipe.h */,
				547E26481EF92133003F4DB8 /* XWFilterAnimator+XWBarSwipe.m */,
				547E26491EF92133003F4DB8 /* XWFilterAnimator+XWBoxBlur.h */,
				547E264A1EF92133003F4DB8 /* XWFilterAnimator+XWBoxBlur.m */,
				547E264B1EF92133003F4DB8 /* XWFilterAnimator+XWCopyMachine.h */,
				547E264C1EF92133003F4DB8 /* XWFilterAnimator+XWCopyMachine.m */,
				547E264D1EF92133003F4DB8 /* XWFilterAnimator+XWFlash.h */,
				547E264E1EF92133003F4DB8 /* XWFilterAnimator+XWFlash.m */,
				547E264F1EF92133003F4DB8 /* XWFilterAnimator+XWMask.h */,
				547E26501EF92133003F4DB8 /* XWFilterAnimator+XWMask.m */,
				547E26511EF92133003F4DB8 /* XWFilterAnimator+XWMod.h */,
				547E26521EF92133003F4DB8 /* XWFilterAnimator+XWMod.m */,
				547E26531EF92133003F4DB8 /* XWFilterAnimator+XWPageCurl.h */,
				547E26541EF92133003F4DB8 /* XWFilterAnimator+XWPageCurl.m */,
				547E26551EF92133003F4DB8 /* XWFilterAnimator+XWRipple.h */,
				547E26561EF92133003F4DB8 /* XWFilterAnimator+XWRipple.m */,
				547E26571EF92133003F4DB8 /* XWFilterAnimator+XWSwipe.h */,
				547E26581EF92133003F4DB8 /* XWFilterAnimator+XWSwipe.m */,
				547E26591EF92133003F4DB8 /* XWFilterAnimator.h */,
				547E265A1EF92133003F4DB8 /* XWFilterAnimator.m */,
				547E265B1EF92133003F4DB8 /* XWFilterTransitionView.h */,
				547E265C1EF92133003F4DB8 /* XWFilterTransitionView.m */,
			);
			path = XWFilterAnimator;
			sourceTree = "<group>";
		};
		547E265D1EF92133003F4DB8 /* XWMagicMoveAnimator */ = {
			isa = PBXGroup;
			children = (
				547E265E1EF92133003F4DB8 /* XWMagicMoveAnimator.h */,
				547E265F1EF92133003F4DB8 /* XWMagicMoveAnimator.m */,
			);
			path = XWMagicMoveAnimator;
			sourceTree = "<group>";
		};
		547EF9E31EF7B9B00036753F /* pageView */ = {
			isa = PBXGroup;
			children = (
				547EF9E41EF7B9B00036753F /* KYAdvanceView.swift */,
				547EF9E51EF7B9B00036753F /* KYAdvanceView.xib */,
				547EF9E61EF7B9B00036753F /* KYDaRenView.swift */,
				547EF9E71EF7B9B00036753F /* KYEventNewView.swift */,
				547EF9E81EF7B9B00036753F /* KYEventView.swift */,
				547EF9E91EF7B9B00036753F /* KYFeaturedView.swift */,
				547EF9EA1EF7B9B00036753F /* KYFocusView.swift */,
				547EF9EB1EF7B9B00036753F /* KYNavigationView.swift */,
				547EF9EC1EF7B9B00036753F /* KYNavigationView.xib */,
				547EF9ED1EF7B9B00036753F /* KYWebView.swift */,
			);
			path = pageView;
			sourceTree = "<group>";
		};
		547EF9EE1EF7B9B00036753F /* PageViewCell */ = {
			isa = PBXGroup;
			children = (
				547EF9EF1EF7B9B00036753F /* KYDarenCell.swift */,
				547EF9F01EF7B9B00036753F /* KYDarenCell.xib */,
				547EF9F11EF7B9B00036753F /* KYEventCell.swift */,
				547EF9F21EF7B9B00036753F /* KYEventCell.xib */,
				547EF9F31EF7B9B00036753F /* KYFeaturedCell.swift */,
				547EF9F41EF7B9B00036753F /* KYFeaturedCell.xib */,
				547EF9F51EF7B9B00036753F /* KYFocusCell.swift */,
				547EF9F61EF7B9B00036753F /* KYFocusCell.xib */,
				547EF9F71EF7B9B00036753F /* KYSlideCollectionViewCell.swift */,
				547EF9F81EF7B9B00036753F /* KYSlideCollectionViewCell.xib */,
			);
			path = PageViewCell;
			sourceTree = "<group>";
		};
		EC879C8DB671CE6F51E5DC5E /* Frameworks */ = {
			isa = PBXGroup;
			children = (
				C164B324D2D51207744875E1 /* Pods_KYHandMade.framework */,
			);
			name = Frameworks;
			sourceTree = "<group>";
		};
		F2A229EF591A363B009F6A94 /* Pods */ = {
			isa = PBXGroup;
			children = (
				5FC183425314ED4C1FE5D2E7 /* Pods-KYHandMade.debug.xcconfig */,
				BCC62D6337226E72EE2A3997 /* Pods-KYHandMade.release.xcconfig */,
			);
			name = Pods;
			sourceTree = "<group>";
		};
/* End PBXGroup section */

/* Begin PBXNativeTarget section */
		547E16771EE94D7B0020E0A7 /* KYHandMade */ = {
			isa = PBXNativeTarget;
			buildConfigurationList = 547E168A1EE94D7B0020E0A7 /* Build configuration list for PBXNativeTarget "KYHandMade" */;
			buildPhases = (
				A828974091C74004E08FE205 /* [CP] Check Pods Manifest.lock */,
				547E16741EE94D7B0020E0A7 /* Sources */,
				547E16751EE94D7B0020E0A7 /* Frameworks */,
				547E16761EE94D7B0020E0A7 /* Resources */,
				3FCF9890E1F024E5F3D66D4B /* [CP] Embed Pods Frameworks */,
				1CFF4A05022470BDF27A418B /* [CP] Copy Pods Resources */,
			);
			buildRules = (
			);
			dependencies = (
			);
			name = KYHandMade;
			productName = KYHandMade;
			productReference = 547E16781EE94D7B0020E0A7 /* KYHandMade.app */;
			productType = "com.apple.product-type.application";
		};
/* End PBXNativeTarget section */

/* Begin PBXProject section */
		547E16701EE94D7B0020E0A7 /* Project object */ = {
			isa = PBXProject;
			attributes = {
				CLASSPREFIX = KY;
				LastSwiftUpdateCheck = 0830;
				LastUpgradeCheck = 0830;
				ORGANIZATIONNAME = "广州市九章信息科技有限公司";
				TargetAttributes = {
					547E16771EE94D7B0020E0A7 = {
						CreatedOnToolsVersion = 8.3.3;
						ProvisioningStyle = Automatic;
					};
				};
			};
			buildConfigurationList = 547E16731EE94D7B0020E0A7 /* Build configuration list for PBXProject "KYHandMade" */;
			compatibilityVersion = "Xcode 3.2";
			developmentRegion = English;
			hasScannedForEncodings = 0;
			knownRegions = (
				en,
				Base,
			);
			mainGroup = 547E166F1EE94D7B0020E0A7;
			productRefGroup = 547E16791EE94D7B0020E0A7 /* Products */;
			projectDirPath = "";
			projectRoot = "";
			targets = (
				547E16771EE94D7B0020E0A7 /* KYHandMade */,
			);
		};
/* End PBXProject section */

/* Begin PBXResourcesBuildPhase section */
		547E16761EE94D7B0020E0A7 /* Resources */ = {
			isa = PBXResourcesBuildPhase;
			buildActionMask = 2147483647;
			files = (
				547E16831EE94D7B0020E0A7 /* Assets.xcassets in Resources */,
				547E26661EF92133003F4DB8 /* restrictedshine.tiff in Resources */,
				547EFA081EF7B9B00036753F /* KYFeaturedCell.xib in Resources */,
				547EFA041EF7B9B00036753F /* KYDarenCell.xib in Resources */,
				543085F01EEE6F590093E766 /* KYAdViewController.xib in Resources */,
				547EFA0C1EF7B9B00036753F /* KYSlideCollectionViewCell.xib in Resources */,
				547EF9FA1EF7B9B00036753F /* KYAdvanceView.xib in Resources */,
				547E261D1EF90316003F4DB8 /* KYTutorialPicCell.xib in Resources */,
				547EFA0A1EF7B9B00036753F /* KYFocusCell.xib in Resources */,
				547E26651EF92133003F4DB8 /* mask.jpg in Resources */,
				547EFA011EF7B9B00036753F /* KYNavigationView.xib in Resources */,
				547EFA061EF7B9B00036753F /* KYEventCell.xib in Resources */,
				543085F91EEE6F590093E766 /* KYNewFeatureCell.xib in Resources */,
				547E26641EF92133003F4DB8 /* line.png in Resources */,
			);
			runOnlyForDeploymentPostprocessing = 0;
		};
/* End PBXResourcesBuildPhase section */

/* Begin PBXShellScriptBuildPhase section */
		1CFF4A05022470BDF27A418B /* [CP] Copy Pods Resources */ = {
			isa = PBXShellScriptBuildPhase;
			buildActionMask = 2147483647;
			files = (
			);
			inputPaths = (
			);
			name = "[CP] Copy Pods Resources";
			outputPaths = (
			);
			runOnlyForDeploymentPostprocessing = 0;
			shellPath = /bin/sh;
			shellScript = "\"${SRCROOT}/Pods/Target Support Files/Pods-KYHandMade/Pods-KYHandMade-resources.sh\"\n";
			showEnvVarsInLog = 0;
		};
		3FCF9890E1F024E5F3D66D4B /* [CP] Embed Pods Frameworks */ = {
			isa = PBXShellScriptBuildPhase;
			buildActionMask = 2147483647;
			files = (
			);
			inputPaths = (
			);
			name = "[CP] Embed Pods Frameworks";
			outputPaths = (
			);
			runOnlyForDeploymentPostprocessing = 0;
			shellPath = /bin/sh;
			shellScript = "\"${SRCROOT}/Pods/Target Support Files/Pods-KYHandMade/Pods-KYHandMade-frameworks.sh\"\n";
			showEnvVarsInLog = 0;
		};
		A828974091C74004E08FE205 /* [CP] Check Pods Manifest.lock */ = {
			isa = PBXShellScriptBuildPhase;
			buildActionMask = 2147483647;
			files = (
			);
			inputPaths = (
			);
			name = "[CP] Check Pods Manifest.lock";
			outputPaths = (
			);
			runOnlyForDeploymentPostprocessing = 0;
			shellPath = /bin/sh;
			shellScript = "diff \"${PODS_PODFILE_DIR_PATH}/Podfile.lock\" \"${PODS_ROOT}/Manifest.lock\" > /dev/null\nif [ $? != 0 ] ; then\n    # print error to STDERR\n    echo \"error: The sandbox is not in sync with the Podfile.lock. Run 'pod install' or update your CocoaPods installation.\" >&2\n    exit 1\nfi\n";
			showEnvVarsInLog = 0;
		};
/* End PBXShellScriptBuildPhase section */

/* Begin PBXSourcesBuildPhase section */
		547E16741EE94D7B0020E0A7 /* Sources */ = {
			isa = PBXSourcesBuildPhase;
			buildActionMask = 2147483647;
			files = (
				543085F61EEE6F590093E766 /* KYMyTableViewController.swift in Sources */,
				547EF9CA1EF7643D0036753F /* KYDaRenModel.swift in Sources */,
				547E26751EF92133003F4DB8 /* XWFilterAnimator+XWMask.m in Sources */,
				547EF9FE1EF7B9B00036753F /* KYFeaturedView.swift in Sources */,
				547E261F1EF9119D003F4DB8 /* KYTutoriaPicModel.swift in Sources */,
				547E26761EF92133003F4DB8 /* XWFilterAnimator+XWMod.m in Sources */,
				547EF9FF1EF7B9B00036753F /* KYFocusView.swift in Sources */,
				543085FC1EEE6F590093E766 /* KYTutorialTableViewController.swift in Sources */,
				547E26691EF92133003F4DB8 /* XWCoolAnimator+XWFold.m in Sources */,
				5470E22F1EF0F75300282FA0 /* KYPageRouter.swift in Sources */,
				547E266F1EF92133003F4DB8 /* XWCoolAnimator.m in Sources */,
				543085F31EEE6F590093E766 /* KYHomController.swift in Sources */,
				547EF9FD1EF7B9B00036753F /* KYEventView.swift in Sources */,
				547E26681EF92133003F4DB8 /* XWCoolAnimator+XWExplode.m in Sources */,
				547E26671EF92133003F4DB8 /* XWCircleSpreadAnimator.m in Sources */,
				547E26151EF8F385003F4DB8 /* KYTutoriaVideoController.swift in Sources */,
				547E26781EF92133003F4DB8 /* XWFilterAnimator+XWRipple.m in Sources */,
				545EA50E1EEFEFF2004C5CB3 /* KYHotModel.swift in Sources */,
				5470E22B1EF0F62500282FA0 /* KYSlideLessonController.swift in Sources */,
				545EA50C1EEFEFD7004C5CB3 /* KYSlideModel.swift in Sources */,
				547E26601EF92133003F4DB8 /* UINavigationController+XWTransition.m in Sources */,
				549BCD941EF3C8730097E916 /* KYFocusModel.swift in Sources */,
				547EF9E21EF7AF0E0036753F /* KYSlideShopModel.swift in Sources */,
				547E26611EF92133003F4DB8 /* UIViewController+XWTransition.m in Sources */,
				549BCD8C1EF3B6CB0097E916 /* KYPageCollectionViewCell.swift in Sources */,
				543085F81EEE6F590093E766 /* KYNewFeatureCell.swift in Sources */,
				545EA5031EEFDD3A004C5CB3 /* KYCommon.swift in Sources */,
				545EA5101EEFF007004C5CB3 /* KYNavigationModel.swift in Sources */,
				547E26621EF92133003F4DB8 /* XWInteractiveTransition.m in Sources */,
				547E26191EF8F4EA003F4DB8 /* KYContainerView.swift in Sources */,
				547E26771EF92133003F4DB8 /* XWFilterAnimator+XWPageCurl.m in Sources */,
				547E26111EF8B9A0003F4DB8 /* KYNavTitleView.swift in Sources */,
				547E267C1EF92133003F4DB8 /* XWMagicMoveAnimator.m in Sources */,
				547E26701EF92133003F4DB8 /* XWDrawerAnimator.m in Sources */,
				545EA5071EEFE630004C5CB3 /* KYConfig.swift in Sources */,
				545EA5051EEFDF2B004C5CB3 /* KYProgressHUD.swift in Sources */,
				545EA4F21EEFC4D0004C5CB3 /* KYPageStyle.swift in Sources */,
				547E26791EF92133003F4DB8 /* XWFilterAnimator+XWSwipe.m in Sources */,
				547EF9FC1EF7B9B00036753F /* KYEventNewView.swift in Sources */,
				543085EF1EEE6F590093E766 /* KYAdViewController.swift in Sources */,
				547E266E1EF92133003F4DB8 /* XWCoolAnimator+XWScanning.m in Sources */,
				5470E2271EF0F5E700282FA0 /* KYWebViewController.swift in Sources */,
				547E26631EF92133003F4DB8 /* XWTransitionAnimator.m in Sources */,
				5470E2291EF0F60800282FA0 /* KYSlideEventController.swift in Sources */,
				547E266D1EF92133003F4DB8 /* XWCoolAnimator+XWPortal.m in Sources */,
				547EFA031EF7B9B00036753F /* KYDarenCell.swift in Sources */,
				547E26731EF92133003F4DB8 /* XWFilterAnimator+XWCopyMachine.m in Sources */,
				543085F21EEE6F590093E766 /* KYHandTableViewController.swift in Sources */,
				545EA4F31EEFC4D0004C5CB3 /* KYPageView.swift in Sources */,
				547E26171EF8F41E003F4DB8 /* KYTutoriSubController.swift in Sources */,
				549BCD8E1EF3BFF70097E916 /* KYLayout.swift in Sources */,
				547E26131EF8F2EE003F4DB8 /* KYTutorialPicController.swift in Sources */,
				547EFA0B1EF7B9B00036753F /* KYSlideCollectionViewCell.swift in Sources */,
				547EF9F91EF7B9B00036753F /* KYAdvanceView.swift in Sources */,
				547E26721EF92133003F4DB8 /* XWFilterAnimator+XWBoxBlur.m in Sources */,
				547EFA001EF7B9B00036753F /* KYNavigationView.swift in Sources */,
				5470E2311EF10E4C00282FA0 /* KYLessonData.swift in Sources */,
				547E266B1EF92133003F4DB8 /* XWCoolAnimator+XWMiddlePageFlip.m in Sources */,
				543085F41EEE6F590093E766 /* KYNavgationController.swift in Sources */,
				547EFA091EF7B9B00036753F /* KYFocusCell.swift in Sources */,
				543085F71EEE6F590093E766 /* KYNewFeatureController.swift in Sources */,
				547E261C1EF90316003F4DB8 /* KYTutorialPicCell.swift in Sources */,
				543085F11EEE6F590093E766 /* KYFairTableViewController.swift in Sources */,
				547EFA071EF7B9B00036753F /* KYFeaturedCell.swift in Sources */,
				545EA50A1EEFEBF9004C5CB3 /* KYFeaturedModel.swift in Sources */,
				545EA5121EEFF016004C5CB3 /* KYAdvanceModel.swift in Sources */,
				547EFA021EF7B9B00036753F /* KYWebView.swift in Sources */,
				547E26711EF92133003F4DB8 /* XWFilterAnimator+XWBarSwipe.m in Sources */,
				547EF9D61EF798260036753F /* KYEventModel.swift in Sources */,
				543085FA1EEE6F590093E766 /* AppDelegate.swift in Sources */,
				547E267B1EF92133003F4DB8 /* XWFilterTransitionView.m in Sources */,
				543085FB1EEE6F590093E766 /* KYCommonTool.swift in Sources */,
				543085F51EEE6F590093E766 /* KYTabBarController.swift in Sources */,
				545EA5011EEFD6BA004C5CB3 /* KYNetWorkTool.swift in Sources */,
				547EFA051EF7B9B00036753F /* KYEventCell.swift in Sources */,
				547EF9FB1EF7B9B00036753F /* KYDaRenView.swift in Sources */,
				547E26741EF92133003F4DB8 /* XWFilterAnimator+XWFlash.m in Sources */,
				547EF9D01EF77CA60036753F /* KYDaRenPicController.swift in Sources */,
				547E266C1EF92133003F4DB8 /* XWCoolAnimator+XWPageFlip.m in Sources */,
				547E267A1EF92133003F4DB8 /* XWFilterAnimator.m in Sources */,
				54EB17DE1EF2684D005D6791 /* UIViewExtension.swift in Sources */,
				547E266A1EF92133003F4DB8 /* XWCoolAnimator+XWLines.m in Sources */,
			);
			runOnlyForDeploymentPostprocessing = 0;
		};
/* End PBXSourcesBuildPhase section */

/* Begin XCBuildConfiguration section */
		547E16881EE94D7B0020E0A7 /* Debug */ = {
			isa = XCBuildConfiguration;
			buildSettings = {
				ALWAYS_SEARCH_USER_PATHS = NO;
				CLANG_ANALYZER_NONNULL = YES;
				CLANG_ANALYZER_NUMBER_OBJECT_CONVERSION = YES_AGGRESSIVE;
				CLANG_CXX_LANGUAGE_STANDARD = "gnu++0x";
				CLANG_CXX_LIBRARY = "libc++";
				CLANG_ENABLE_MODULES = YES;
				CLANG_ENABLE_OBJC_ARC = YES;
				CLANG_WARN_BOOL_CONVERSION = YES;
				CLANG_WARN_CONSTANT_CONVERSION = YES;
				CLANG_WARN_DIRECT_OBJC_ISA_USAGE = YES_ERROR;
				CLANG_WARN_DOCUMENTATION_COMMENTS = YES;
				CLANG_WARN_EMPTY_BODY = YES;
				CLANG_WARN_ENUM_CONVERSION = YES;
				CLANG_WARN_INFINITE_RECURSION = YES;
				CLANG_WARN_INT_CONVERSION = YES;
				CLANG_WARN_OBJC_ROOT_CLASS = YES_ERROR;
				CLANG_WARN_SUSPICIOUS_MOVE = YES;
				CLANG_WARN_UNREACHABLE_CODE = YES;
				CLANG_WARN__DUPLICATE_METHOD_MATCH = YES;
				"CODE_SIGN_IDENTITY[sdk=iphoneos*]" = "iPhone Developer";
				COPY_PHASE_STRIP = NO;
				DEBUG_INFORMATION_FORMAT = dwarf;
				ENABLE_STRICT_OBJC_MSGSEND = YES;
				ENABLE_TESTABILITY = YES;
				GCC_C_LANGUAGE_STANDARD = gnu99;
				GCC_DYNAMIC_NO_PIC = NO;
				GCC_NO_COMMON_BLOCKS = YES;
				GCC_OPTIMIZATION_LEVEL = 0;
				GCC_PREPROCESSOR_DEFINITIONS = (
					"DEBUG=1",
					"$(inherited)",
				);
				GCC_WARN_64_TO_32_BIT_CONVERSION = YES;
				GCC_WARN_ABOUT_RETURN_TYPE = YES_ERROR;
				GCC_WARN_UNDECLARED_SELECTOR = YES;
				GCC_WARN_UNINITIALIZED_AUTOS = YES_AGGRESSIVE;
				GCC_WARN_UNUSED_FUNCTION = YES;
				GCC_WARN_UNUSED_VARIABLE = YES;
				IPHONEOS_DEPLOYMENT_TARGET = 10.3;
				MTL_ENABLE_DEBUG_INFO = YES;
				ONLY_ACTIVE_ARCH = YES;
				SDKROOT = iphoneos;
				SWIFT_ACTIVE_COMPILATION_CONDITIONS = DEBUG;
				SWIFT_OPTIMIZATION_LEVEL = "-Onone";
			};
			name = Debug;
		};
		547E16891EE94D7B0020E0A7 /* Release */ = {
			isa = XCBuildConfiguration;
			buildSettings = {
				ALWAYS_SEARCH_USER_PATHS = NO;
				CLANG_ANALYZER_NONNULL = YES;
				CLANG_ANALYZER_NUMBER_OBJECT_CONVERSION = YES_AGGRESSIVE;
				CLANG_CXX_LANGUAGE_STANDARD = "gnu++0x";
				CLANG_CXX_LIBRARY = "libc++";
				CLANG_ENABLE_MODULES = YES;
				CLANG_ENABLE_OBJC_ARC = YES;
				CLANG_WARN_BOOL_CONVERSION = YES;
				CLANG_WARN_CONSTANT_CONVERSION = YES;
				CLANG_WARN_DIRECT_OBJC_ISA_USAGE = YES_ERROR;
				CLANG_WARN_DOCUMENTATION_COMMENTS = YES;
				CLANG_WARN_EMPTY_BODY = YES;
				CLANG_WARN_ENUM_CONVERSION = YES;
				CLANG_WARN_INFINITE_RECURSION = YES;
				CLANG_WARN_INT_CONVERSION = YES;
				CLANG_WARN_OBJC_ROOT_CLASS = YES_ERROR;
				CLANG_WARN_SUSPICIOUS_MOVE = YES;
				CLANG_WARN_UNREACHABLE_CODE = YES;
				CLANG_WARN__DUPLICATE_METHOD_MATCH = YES;
				"CODE_SIGN_IDENTITY[sdk=iphoneos*]" = "iPhone Developer";
				COPY_PHASE_STRIP = NO;
				DEBUG_INFORMATION_FORMAT = "dwarf-with-dsym";
				ENABLE_NS_ASSERTIONS = NO;
				ENABLE_STRICT_OBJC_MSGSEND = YES;
				GCC_C_LANGUAGE_STANDARD = gnu99;
				GCC_NO_COMMON_BLOCKS = YES;
				GCC_WARN_64_TO_32_BIT_CONVERSION = YES;
				GCC_WARN_ABOUT_RETURN_TYPE = YES_ERROR;
				GCC_WARN_UNDECLARED_SELECTOR = YES;
				GCC_WARN_UNINITIALIZED_AUTOS = YES_AGGRESSIVE;
				GCC_WARN_UNUSED_FUNCTION = YES;
				GCC_WARN_UNUSED_VARIABLE = YES;
				IPHONEOS_DEPLOYMENT_TARGET = 10.3;
				MTL_ENABLE_DEBUG_INFO = NO;
				SDKROOT = iphoneos;
				SWIFT_OPTIMIZATION_LEVEL = "-Owholemodule";
				VALIDATE_PRODUCT = YES;
			};
			name = Release;
		};
		547E168B1EE94D7B0020E0A7 /* Debug */ = {
			isa = XCBuildConfiguration;
			baseConfigurationReference = 5FC183425314ED4C1FE5D2E7 /* Pods-KYHandMade.debug.xcconfig */;
			buildSettings = {
				ASSETCATALOG_COMPILER_APPICON_NAME = AppIcon;
				ASSETCATALOG_COMPILER_LAUNCHIMAGE_NAME = LaunchImage;
				DEVELOPMENT_TEAM = "";
				INFOPLIST_FILE = KYHandMade/Info.plist;
				IPHONEOS_DEPLOYMENT_TARGET = 8.0;
				LD_RUNPATH_SEARCH_PATHS = "$(inherited) @executable_path/Frameworks";
				PRODUCT_BUNDLE_IDENTIFIER = GZJZ.KYHandMade;
				PRODUCT_NAME = "$(TARGET_NAME)";
				SWIFT_OBJC_BRIDGING_HEADER = "KYHandMade/Class/Other(其他)/bridging.h";
				SWIFT_VERSION = 3.0;
			};
			name = Debug;
		};
		547E168C1EE94D7B0020E0A7 /* Release */ = {
			isa = XCBuildConfiguration;
			baseConfigurationReference = BCC62D6337226E72EE2A3997 /* Pods-KYHandMade.release.xcconfig */;
			buildSettings = {
				ASSETCATALOG_COMPILER_APPICON_NAME = AppIcon;
				ASSETCATALOG_COMPILER_LAUNCHIMAGE_NAME = LaunchImage;
				DEVELOPMENT_TEAM = "";
				INFOPLIST_FILE = KYHandMade/Info.plist;
				IPHONEOS_DEPLOYMENT_TARGET = 8.0;
				LD_RUNPATH_SEARCH_PATHS = "$(inherited) @executable_path/Frameworks";
				PRODUCT_BUNDLE_IDENTIFIER = GZJZ.KYHandMade;
				PRODUCT_NAME = "$(TARGET_NAME)";
				SWIFT_OBJC_BRIDGING_HEADER = "KYHandMade/Class/Other(其他)/bridging.h";
				SWIFT_VERSION = 3.0;
			};
			name = Release;
		};
/* End XCBuildConfiguration section */

/* Begin XCConfigurationList section */
		547E16731EE94D7B0020E0A7 /* Build configuration list for PBXProject "KYHandMade" */ = {
			isa = XCConfigurationList;
			buildConfigurations = (
				547E16881EE94D7B0020E0A7 /* Debug */,
				547E16891EE94D7B0020E0A7 /* Release */,
			);
			defaultConfigurationIsVisible = 0;
			defaultConfigurationName = Release;
		};
		547E168A1EE94D7B0020E0A7 /* Build configuration list for PBXNativeTarget "KYHandMade" */ = {
			isa = XCConfigurationList;
			buildConfigurations = (
				547E168B1EE94D7B0020E0A7 /* Debug */,
				547E168C1EE94D7B0020E0A7 /* Release */,
			);
			defaultConfigurationIsVisible = 0;
			defaultConfigurationName = Release;
		};
/* End XCConfigurationList section */
	};
	rootObject = 547E16701EE94D7B0020E0A7 /* Project object */;
}
