PODS:
  - Alamofire (4.9.1)
  - DOPDropDownMenu (0.1.1)
  - DynamicColor (4.2.0)
  - FMDB (2.7.5):
    - FMDB/standard (= 2.7.5)
  - FMDB/standard (2.7.5)
  - Kingfisher (4.10.1)
  - MJRefresh (3.3.1)
  - SDAutoLayout (2.2.1)
  - SDCycleScrollView (1.80):
    - SDWebImage (>= 5.0.0)
  - SDWebImage (5.7.1):
    - SDWebImage/Core (= 5.7.1)
  - SDWebImage/Core (5.7.1)
  - SnapKit (4.2.0)
  - SVProgressHUD (2.2.5)
  - SwiftyJSON (5.0.0)

DEPENDENCIES:
  - Alamofire
  - DOPDropDownMenu
  - DynamicColor
  - FMDB
  - Kingfisher
  - MJRefresh
  - SDAutoLayout
  - SDCycleScrollView
  - SnapKit
  - SVProgressHUD
  - SwiftyJSON

SPEC REPOS:
  trunk:
    - Alamofire
    - DOPDropDownMenu
    - DynamicColor
    - FMDB
    - Kingfisher
    - MJRefresh
    - SDAutoLayout
    - SDCycleScrollView
    - SDWebImage
    - SnapKit
    - SVProgressHUD
    - SwiftyJSON

SPEC CHECKSUMS:
  Alamofire: 85e8a02c69d6020a0d734f6054870d7ecb75cf18
  DOPDropDownMenu: 92edceaee75cd8703d9891b4844d48c0d0a2ae54
  DynamicColor: c475f66bda1cabf602f2c54ac1171c0c07148a5a
  FMDB: 2ce00b547f966261cd18927a3ddb07cb6f3db82a
  Kingfisher: c148cd7b47ebde9989f6bc7c27dcaa79d81279a0
  MJRefresh: eeda70fbf0ad277f3178cef1cd0c3532591d6237
  SDAutoLayout: 8bf6b3bbc8b01f775d4defbb4fda2ace805461be
  SDCycleScrollView: b3c9a5ed840c771c4938978174c7c9d9feefeb96
  SDWebImage: 5d4cf6afccd9ac1d2ee701ed0c4917cbb1b80536
  SnapKit: fe8a619752f3f27075cc9a90244d75c6c3f27e2a
  SVProgressHUD: 1428aafac632c1f86f62aa4243ec12008d7a51d6
  SwiftyJSON: 36413e04c44ee145039d332b4f4e2d3e8d6c4db7

PODFILE CHECKSUM: 9945cabb5ff5519e747cfab016b1cd14164b77aa

COCOAPODS: 1.9.1
